// !$*UTF8*$!
{
	archiveVersion = 1;
	classes = {
	};
	objectVersion = 46;
	objects = {

/* Begin PBXBuildFile section */
		2636F7CF16327D2B00AFC6EC /* Utility.m in Sources */ = {isa = PBXBuildFile; fileRef = 2636F7CE16327D2B00AFC6EC /* Utility.m */; };
		2636F7D21632C61B00AFC6EC /* QuartzCore.framework in Frameworks */ = {isa = PBXBuildFile; fileRef = 2636F7D11632C61B00AFC6EC /* QuartzCore.framework */; };
		2638D09D15C0633A000906BC /* DataLayer.m in Sources */ = {isa = PBXBuildFile; fileRef = 2638D09C15C0633A000906BC /* DataLayer.m */; };
		2638D0C615C06A68000906BC /* NSObject+SBJson.m in Sources */ = {isa = PBXBuildFile; fileRef = 2638D0AE15C06A68000906BC /* NSObject+SBJson.m */; };
		2638D0C715C06A68000906BC /* SBJsonParser.m in Sources */ = {isa = PBXBuildFile; fileRef = 2638D0B115C06A68000906BC /* SBJsonParser.m */; };
		2638D0C815C06A68000906BC /* SBJsonStreamParser.m in Sources */ = {isa = PBXBuildFile; fileRef = 2638D0B315C06A68000906BC /* SBJsonStreamParser.m */; };
		2638D0C915C06A68000906BC /* SBJsonStreamParserAccumulator.m in Sources */ = {isa = PBXBuildFile; fileRef = 2638D0B515C06A68000906BC /* SBJsonStreamParserAccumulator.m */; };
		2638D0CA15C06A68000906BC /* SBJsonStreamParserAdapter.m in Sources */ = {isa = PBXBuildFile; fileRef = 2638D0B715C06A68000906BC /* SBJsonStreamParserAdapter.m */; };
		2638D0CB15C06A68000906BC /* SBJsonStreamParserState.m in Sources */ = {isa = PBXBuildFile; fileRef = 2638D0B915C06A68000906BC /* SBJsonStreamParserState.m */; };
		2638D0CC15C06A68000906BC /* SBJsonStreamWriter.m in Sources */ = {isa = PBXBuildFile; fileRef = 2638D0BB15C06A68000906BC /* SBJsonStreamWriter.m */; };
		2638D0CD15C06A68000906BC /* SBJsonStreamWriterAccumulator.m in Sources */ = {isa = PBXBuildFile; fileRef = 2638D0BD15C06A68000906BC /* SBJsonStreamWriterAccumulator.m */; };
		2638D0CE15C06A68000906BC /* SBJsonStreamWriterState.m in Sources */ = {isa = PBXBuildFile; fileRef = 2638D0BF15C06A68000906BC /* SBJsonStreamWriterState.m */; };
		2638D0CF15C06A68000906BC /* SBJsonTokeniser.m in Sources */ = {isa = PBXBuildFile; fileRef = 2638D0C115C06A68000906BC /* SBJsonTokeniser.m */; };
		2638D0D015C06A68000906BC /* SBJsonUTF8Stream.m in Sources */ = {isa = PBXBuildFile; fileRef = 2638D0C315C06A68000906BC /* SBJsonUTF8Stream.m */; };
		2638D0D115C06A68000906BC /* SBJsonWriter.m in Sources */ = {isa = PBXBuildFile; fileRef = 2638D0C515C06A68000906BC /* SBJsonWriter.m */; };
		267CA9271609E2E8005C2EA3 /* LoginViewController.m in Sources */ = {isa = PBXBuildFile; fileRef = 267CA9261609E2E8005C2EA3 /* LoginViewController.m */; };
		269F7EA115A488D200D96F94 /* BookstoreTVC.m in Sources */ = {isa = PBXBuildFile; fileRef = 269F7EA015A488D200D96F94 /* BookstoreTVC.m */; };
		26AAAF08159C473E003AEF83 /* UIKit.framework in Frameworks */ = {isa = PBXBuildFile; fileRef = 26AAAF07159C473E003AEF83 /* UIKit.framework */; };
		26AAAF0A159C473E003AEF83 /* Foundation.framework in Frameworks */ = {isa = PBXBuildFile; fileRef = 26AAAF09159C473E003AEF83 /* Foundation.framework */; };
		26AAAF0C159C473E003AEF83 /* CoreGraphics.framework in Frameworks */ = {isa = PBXBuildFile; fileRef = 26AAAF0B159C473E003AEF83 /* CoreGraphics.framework */; };
		26AAAF12159C473F003AEF83 /* InfoPlist.strings in Resources */ = {isa = PBXBuildFile; fileRef = 26AAAF10159C473F003AEF83 /* InfoPlist.strings */; };
		26AAAF14159C473F003AEF83 /* main.m in Sources */ = {isa = PBXBuildFile; fileRef = 26AAAF13159C473F003AEF83 /* main.m */; };
		26AAAF18159C473F003AEF83 /* GTCCLibraryAppDelegate.m in Sources */ = {isa = PBXBuildFile; fileRef = 26AAAF17159C473F003AEF83 /* GTCCLibraryAppDelegate.m */; };
		26AAAF1B159C473F003AEF83 /* MainStoryboard_iPhone.storyboard in Resources */ = {isa = PBXBuildFile; fileRef = 26AAAF19159C473F003AEF83 /* MainStoryboard_iPhone.storyboard */; };
		26AAAF1E159C473F003AEF83 /* MainStoryboard_iPad.storyboard in Resources */ = {isa = PBXBuildFile; fileRef = 26AAAF1C159C473F003AEF83 /* MainStoryboard_iPad.storyboard */; };
		26AF2D5B1633BC3200AB5CEF /* MyLiraryViewController.m in Sources */ = {isa = PBXBuildFile; fileRef = 26AF2D5A1633BC3200AB5CEF /* MyLiraryViewController.m */; };
		26AF2D5E1633C47600AB5CEF /* CBorrowHistory.m in Sources */ = {isa = PBXBuildFile; fileRef = 26AF2D5D1633C47600AB5CEF /* CBorrowHistory.m */; };
		26B25F62161369DC00D1959F /* CBook.m in Sources */ = {isa = PBXBuildFile; fileRef = 26B25F61161369DC00D1959F /* CBook.m */; };
		26B513AD162EED8700ABB490 /* BookDetailViewController.m in Sources */ = {isa = PBXBuildFile; fileRef = 26B513AC162EED8600ABB490 /* BookDetailViewController.m */; };
		26BAD59715C2DADE00E4AC7F /* unisys_logo.jpg in Resources */ = {isa = PBXBuildFile; fileRef = 26BAD59615C2DADE00E4AC7F /* unisys_logo.jpg */; };
		26DFDC79160A0DAD002283E4 /* GTCCTabBarController.m in Sources */ = {isa = PBXBuildFile; fileRef = 26DFDC78160A0DAD002283E4 /* GTCCTabBarController.m */; };
		6D9E3BD017BBD81000033D41 /* NSData+Base64.m in Sources */ = {isa = PBXBuildFile; fileRef = 6D9E3BCF17BBD81000033D41 /* NSData+Base64.m */; settings = {COMPILER_FLAGS = "-fno-objc-arc"; }; };
		7F9CDEB016B3F64C008FB818 /* smile.jpeg in Resources */ = {isa = PBXBuildFile; fileRef = 7F9CDEAF16B3F64C008FB818 /* smile.jpeg */; };
		7F9E297816B4EFD4002FBDCC /* EGORefreshTableHeaderView.m in Sources */ = {isa = PBXBuildFile; fileRef = 7F9E296E16B4EFD4002FBDCC /* EGORefreshTableHeaderView.m */; };
		7F9E297916B4EFD4002FBDCC /* blackArrow.png in Resources */ = {isa = PBXBuildFile; fileRef = 7F9E297016B4EFD4002FBDCC /* blackArrow.png */; };
		7F9E297A16B4EFD4002FBDCC /* blackArrow@2x.png in Resources */ = {isa = PBXBuildFile; fileRef = 7F9E297116B4EFD4002FBDCC /* blackArrow@2x.png */; };
		7F9E297B16B4EFD4002FBDCC /* blueArrow.png in Resources */ = {isa = PBXBuildFile; fileRef = 7F9E297216B4EFD4002FBDCC /* blueArrow.png */; };
		7F9E297C16B4EFD4002FBDCC /* blueArrow@2x.png in Resources */ = {isa = PBXBuildFile; fileRef = 7F9E297316B4EFD4002FBDCC /* blueArrow@2x.png */; };
		7F9E297D16B4EFD4002FBDCC /* grayArrow.png in Resources */ = {isa = PBXBuildFile; fileRef = 7F9E297416B4EFD4002FBDCC /* grayArrow.png */; };
		7F9E297E16B4EFD4002FBDCC /* grayArrow@2x.png in Resources */ = {isa = PBXBuildFile; fileRef = 7F9E297516B4EFD4002FBDCC /* grayArrow@2x.png */; };
		7F9E297F16B4EFD4002FBDCC /* whiteArrow.png in Resources */ = {isa = PBXBuildFile; fileRef = 7F9E297616B4EFD4002FBDCC /* whiteArrow.png */; };
		7F9E298016B4EFD4002FBDCC /* whiteArrow@2x.png in Resources */ = {isa = PBXBuildFile; fileRef = 7F9E297716B4EFD4002FBDCC /* whiteArrow@2x.png */; };
		7F9ED4C8169DB897004090F0 /* RegexKitLite.m in Sources */ = {isa = PBXBuildFile; fileRef = 7F9ED4C7169DB897004090F0 /* RegexKitLite.m */; settings = {COMPILER_FLAGS = "-fno-objc-arc"; }; };
		7F9F117816A6FB370085AE8C /* MBProgressHUD.m in Sources */ = {isa = PBXBuildFile; fileRef = 7F9F117716A6FB370085AE8C /* MBProgressHUD.m */; };
		7FA2291E16B00B3D0089FC75 /* tab_isbn.png in Resources */ = {isa = PBXBuildFile; fileRef = 7FA2291D16B00B3D0089FC75 /* tab_isbn.png */; };
		7FA2292016B00BDE0089FC75 /* mybook.png in Resources */ = {isa = PBXBuildFile; fileRef = 7FA2291F16B00BDE0089FC75 /* mybook.png */; };
		7FA2292416B034FE0089FC75 /* sync-1.png in Resources */ = {isa = PBXBuildFile; fileRef = 7FA2292316B034FE0089FC75 /* sync-1.png */; };
		7FF9E310169DA50300DF4906 /* ScanViewController.m in Sources */ = {isa = PBXBuildFile; fileRef = 7FF9E30F169DA50300DF4906 /* ScanViewController.m */; };
		7FFB25E3169D9E340087F12F /* store.png in Resources */ = {isa = PBXBuildFile; fileRef = 7FFB25E0169D9E340087F12F /* store.png */; };
		7FFB25E5169DA0380087F12F /* Icon-iPhone@2x.png in Resources */ = {isa = PBXBuildFile; fileRef = 7FFB25E4169DA0380087F12F /* Icon-iPhone@2x.png */; };
		7FFB2604169DA17E0087F12F /* libzbar.a in Frameworks */ = {isa = PBXBuildFile; fileRef = 7FFB25FE169DA17E0087F12F /* libzbar.a */; };
		7FFB2605169DA17E0087F12F /* zbar-back.png in Resources */ = {isa = PBXBuildFile; fileRef = 7FFB2600169DA17E0087F12F /* zbar-back.png */; };
		7FFB2606169DA17E0087F12F /* zbar-help.html in Resources */ = {isa = PBXBuildFile; fileRef = 7FFB2601169DA17E0087F12F /* zbar-help.html */; };
		7FFB2607169DA17E0087F12F /* zbar-helpicons.png in Resources */ = {isa = PBXBuildFile; fileRef = 7FFB2602169DA17E0087F12F /* zbar-helpicons.png */; };
		7FFB2608169DA17E0087F12F /* zbar-samples.png in Resources */ = {isa = PBXBuildFile; fileRef = 7FFB2603169DA17E0087F12F /* zbar-samples.png */; };
		7FFB260A169DA1AD0087F12F /* AVFoundation.framework in Frameworks */ = {isa = PBXBuildFile; fileRef = 7FFB2609169DA1AD0087F12F /* AVFoundation.framework */; };
		7FFB260C169DA1BB0087F12F /* CoreMedia.framework in Frameworks */ = {isa = PBXBuildFile; fileRef = 7FFB260B169DA1BB0087F12F /* CoreMedia.framework */; };
		7FFB260E169DA1C80087F12F /* CoreVideo.framework in Frameworks */ = {isa = PBXBuildFile; fileRef = 7FFB260D169DA1C80087F12F /* CoreVideo.framework */; };
		7FFB2610169DA1E70087F12F /* libiconv.dylib in Frameworks */ = {isa = PBXBuildFile; fileRef = 7FFB260F169DA1E70087F12F /* libiconv.dylib */; };
/* End PBXBuildFile section */

/* Begin PBXFileReference section */
		2636F7CD16327D2B00AFC6EC /* Utility.h */ = {isa = PBXFileReference; fileEncoding = 4; lastKnownFileType = sourcecode.c.h; path = Utility.h; sourceTree = "<group>"; };
		2636F7CE16327D2B00AFC6EC /* Utility.m */ = {isa = PBXFileReference; fileEncoding = 4; lastKnownFileType = sourcecode.c.objc; path = Utility.m; sourceTree = "<group>"; };
		2636F7D11632C61B00AFC6EC /* QuartzCore.framework */ = {isa = PBXFileReference; lastKnownFileType = wrapper.framework; name = QuartzCore.framework; path = System/Library/Frameworks/QuartzCore.framework; sourceTree = SDKROOT; };
		2638D09B15C0633A000906BC /* DataLayer.h */ = {isa = PBXFileReference; fileEncoding = 4; lastKnownFileType = sourcecode.c.h; path = DataLayer.h; sourceTree = "<group>"; };
		2638D09C15C0633A000906BC /* DataLayer.m */ = {isa = PBXFileReference; fileEncoding = 4; lastKnownFileType = sourcecode.c.objc; path = DataLayer.m; sourceTree = "<group>"; };
		2638D0AD15C06A68000906BC /* NSObject+SBJson.h */ = {isa = PBXFileReference; fileEncoding = 4; lastKnownFileType = sourcecode.c.h; path = "NSObject+SBJson.h"; sourceTree = "<group>"; };
		2638D0AE15C06A68000906BC /* NSObject+SBJson.m */ = {isa = PBXFileReference; fileEncoding = 4; lastKnownFileType = sourcecode.c.objc; path = "NSObject+SBJson.m"; sourceTree = "<group>"; };
		2638D0AF15C06A68000906BC /* SBJson.h */ = {isa = PBXFileReference; fileEncoding = 4; lastKnownFileType = sourcecode.c.h; path = SBJson.h; sourceTree = "<group>"; };
		2638D0B015C06A68000906BC /* SBJsonParser.h */ = {isa = PBXFileReference; fileEncoding = 4; lastKnownFileType = sourcecode.c.h; path = SBJsonParser.h; sourceTree = "<group>"; };
		2638D0B115C06A68000906BC /* SBJsonParser.m */ = {isa = PBXFileReference; fileEncoding = 4; lastKnownFileType = sourcecode.c.objc; path = SBJsonParser.m; sourceTree = "<group>"; };
		2638D0B215C06A68000906BC /* SBJsonStreamParser.h */ = {isa = PBXFileReference; fileEncoding = 4; lastKnownFileType = sourcecode.c.h; path = SBJsonStreamParser.h; sourceTree = "<group>"; };
		2638D0B315C06A68000906BC /* SBJsonStreamParser.m */ = {isa = PBXFileReference; fileEncoding = 4; lastKnownFileType = sourcecode.c.objc; path = SBJsonStreamParser.m; sourceTree = "<group>"; };
		2638D0B415C06A68000906BC /* SBJsonStreamParserAccumulator.h */ = {isa = PBXFileReference; fileEncoding = 4; lastKnownFileType = sourcecode.c.h; path = SBJsonStreamParserAccumulator.h; sourceTree = "<group>"; };
		2638D0B515C06A68000906BC /* SBJsonStreamParserAccumulator.m */ = {isa = PBXFileReference; fileEncoding = 4; lastKnownFileType = sourcecode.c.objc; path = SBJsonStreamParserAccumulator.m; sourceTree = "<group>"; };
		2638D0B615C06A68000906BC /* SBJsonStreamParserAdapter.h */ = {isa = PBXFileReference; fileEncoding = 4; lastKnownFileType = sourcecode.c.h; path = SBJsonStreamParserAdapter.h; sourceTree = "<group>"; };
		2638D0B715C06A68000906BC /* SBJsonStreamParserAdapter.m */ = {isa = PBXFileReference; fileEncoding = 4; lastKnownFileType = sourcecode.c.objc; path = SBJsonStreamParserAdapter.m; sourceTree = "<group>"; };
		2638D0B815C06A68000906BC /* SBJsonStreamParserState.h */ = {isa = PBXFileReference; fileEncoding = 4; lastKnownFileType = sourcecode.c.h; path = SBJsonStreamParserState.h; sourceTree = "<group>"; };
		2638D0B915C06A68000906BC /* SBJsonStreamParserState.m */ = {isa = PBXFileReference; fileEncoding = 4; lastKnownFileType = sourcecode.c.objc; path = SBJsonStreamParserState.m; sourceTree = "<group>"; };
		2638D0BA15C06A68000906BC /* SBJsonStreamWriter.h */ = {isa = PBXFileReference; fileEncoding = 4; lastKnownFileType = sourcecode.c.h; path = SBJsonStreamWriter.h; sourceTree = "<group>"; };
		2638D0BB15C06A68000906BC /* SBJsonStreamWriter.m */ = {isa = PBXFileReference; fileEncoding = 4; lastKnownFileType = sourcecode.c.objc; path = SBJsonStreamWriter.m; sourceTree = "<group>"; };
		2638D0BC15C06A68000906BC /* SBJsonStreamWriterAccumulator.h */ = {isa = PBXFileReference; fileEncoding = 4; lastKnownFileType = sourcecode.c.h; path = SBJsonStreamWriterAccumulator.h; sourceTree = "<group>"; };
		2638D0BD15C06A68000906BC /* SBJsonStreamWriterAccumulator.m */ = {isa = PBXFileReference; fileEncoding = 4; lastKnownFileType = sourcecode.c.objc; path = SBJsonStreamWriterAccumulator.m; sourceTree = "<group>"; };
		2638D0BE15C06A68000906BC /* SBJsonStreamWriterState.h */ = {isa = PBXFileReference; fileEncoding = 4; lastKnownFileType = sourcecode.c.h; path = SBJsonStreamWriterState.h; sourceTree = "<group>"; };
		2638D0BF15C06A68000906BC /* SBJsonStreamWriterState.m */ = {isa = PBXFileReference; fileEncoding = 4; lastKnownFileType = sourcecode.c.objc; path = SBJsonStreamWriterState.m; sourceTree = "<group>"; };
		2638D0C015C06A68000906BC /* SBJsonTokeniser.h */ = {isa = PBXFileReference; fileEncoding = 4; lastKnownFileType = sourcecode.c.h; path = SBJsonTokeniser.h; sourceTree = "<group>"; };
		2638D0C115C06A68000906BC /* SBJsonTokeniser.m */ = {isa = PBXFileReference; fileEncoding = 4; lastKnownFileType = sourcecode.c.objc; path = SBJsonTokeniser.m; sourceTree = "<group>"; };
		2638D0C215C06A68000906BC /* SBJsonUTF8Stream.h */ = {isa = PBXFileReference; fileEncoding = 4; lastKnownFileType = sourcecode.c.h; path = SBJsonUTF8Stream.h; sourceTree = "<group>"; };
		2638D0C315C06A68000906BC /* SBJsonUTF8Stream.m */ = {isa = PBXFileReference; fileEncoding = 4; lastKnownFileType = sourcecode.c.objc; path = SBJsonUTF8Stream.m; sourceTree = "<group>"; };
		2638D0C415C06A68000906BC /* SBJsonWriter.h */ = {isa = PBXFileReference; fileEncoding = 4; lastKnownFileType = sourcecode.c.h; path = SBJsonWriter.h; sourceTree = "<group>"; };
		2638D0C515C06A68000906BC /* SBJsonWriter.m */ = {isa = PBXFileReference; fileEncoding = 4; lastKnownFileType = sourcecode.c.objc; path = SBJsonWriter.m; sourceTree = "<group>"; };
		267CA9251609E2E8005C2EA3 /* LoginViewController.h */ = {isa = PBXFileReference; fileEncoding = 4; lastKnownFileType = sourcecode.c.h; path = LoginViewController.h; sourceTree = "<group>"; };
		267CA9261609E2E8005C2EA3 /* LoginViewController.m */ = {isa = PBXFileReference; fileEncoding = 4; lastKnownFileType = sourcecode.c.objc; path = LoginViewController.m; sourceTree = "<group>"; };
		269F7E9F15A488D200D96F94 /* BookstoreTVC.h */ = {isa = PBXFileReference; fileEncoding = 4; lastKnownFileType = sourcecode.c.h; path = BookstoreTVC.h; sourceTree = "<group>"; };
		269F7EA015A488D200D96F94 /* BookstoreTVC.m */ = {isa = PBXFileReference; fileEncoding = 4; lastKnownFileType = sourcecode.c.objc; path = BookstoreTVC.m; sourceTree = "<group>"; };
		26AAAF03159C473E003AEF83 /* GTCC Library.app */ = {isa = PBXFileReference; explicitFileType = wrapper.application; includeInIndex = 0; path = "GTCC Library.app"; sourceTree = BUILT_PRODUCTS_DIR; };
		26AAAF07159C473E003AEF83 /* UIKit.framework */ = {isa = PBXFileReference; lastKnownFileType = wrapper.framework; name = UIKit.framework; path = System/Library/Frameworks/UIKit.framework; sourceTree = SDKROOT; };
		26AAAF09159C473E003AEF83 /* Foundation.framework */ = {isa = PBXFileReference; lastKnownFileType = wrapper.framework; name = Foundation.framework; path = System/Library/Frameworks/Foundation.framework; sourceTree = SDKROOT; };
		26AAAF0B159C473E003AEF83 /* CoreGraphics.framework */ = {isa = PBXFileReference; lastKnownFileType = wrapper.framework; name = CoreGraphics.framework; path = System/Library/Frameworks/CoreGraphics.framework; sourceTree = SDKROOT; };
		26AAAF0F159C473F003AEF83 /* GTCC Library-Info.plist */ = {isa = PBXFileReference; lastKnownFileType = text.plist.xml; path = "GTCC Library-Info.plist"; sourceTree = "<group>"; };
		26AAAF11159C473F003AEF83 /* en */ = {isa = PBXFileReference; lastKnownFileType = text.plist.strings; name = en; path = en.lproj/InfoPlist.strings; sourceTree = "<group>"; };
		26AAAF13159C473F003AEF83 /* main.m */ = {isa = PBXFileReference; lastKnownFileType = sourcecode.c.objc; path = main.m; sourceTree = "<group>"; };
		26AAAF15159C473F003AEF83 /* GTCC Library-Prefix.pch */ = {isa = PBXFileReference; lastKnownFileType = sourcecode.c.h; path = "GTCC Library-Prefix.pch"; sourceTree = "<group>"; };
		26AAAF16159C473F003AEF83 /* GTCCLibraryAppDelegate.h */ = {isa = PBXFileReference; lastKnownFileType = sourcecode.c.h; path = GTCCLibraryAppDelegate.h; sourceTree = "<group>"; };
		26AAAF17159C473F003AEF83 /* GTCCLibraryAppDelegate.m */ = {isa = PBXFileReference; lastKnownFileType = sourcecode.c.objc; path = GTCCLibraryAppDelegate.m; sourceTree = "<group>"; };
		26AAAF1A159C473F003AEF83 /* en */ = {isa = PBXFileReference; lastKnownFileType = file.storyboard; name = en; path = en.lproj/MainStoryboard_iPhone.storyboard; sourceTree = "<group>"; };
		26AAAF1D159C473F003AEF83 /* en */ = {isa = PBXFileReference; lastKnownFileType = file.storyboard; name = en; path = en.lproj/MainStoryboard_iPad.storyboard; sourceTree = "<group>"; };
		26AF2D5716338E7900AB5CEF /* Constraint.h */ = {isa = PBXFileReference; lastKnownFileType = sourcecode.c.h; path = Constraint.h; sourceTree = "<group>"; };
		26AF2D591633BC3200AB5CEF /* MyLiraryViewController.h */ = {isa = PBXFileReference; fileEncoding = 4; lastKnownFileType = sourcecode.c.h; path = MyLiraryViewController.h; sourceTree = "<group>"; };
		26AF2D5A1633BC3200AB5CEF /* MyLiraryViewController.m */ = {isa = PBXFileReference; fileEncoding = 4; lastKnownFileType = sourcecode.c.objc; path = MyLiraryViewController.m; sourceTree = "<group>"; };
		26AF2D5C1633C47600AB5CEF /* CBorrowHistory.h */ = {isa = PBXFileReference; fileEncoding = 4; lastKnownFileType = sourcecode.c.h; path = CBorrowHistory.h; sourceTree = "<group>"; };
		26AF2D5D1633C47600AB5CEF /* CBorrowHistory.m */ = {isa = PBXFileReference; fileEncoding = 4; lastKnownFileType = sourcecode.c.objc; path = CBorrowHistory.m; sourceTree = "<group>"; };
		26B25F60161369DC00D1959F /* CBook.h */ = {isa = PBXFileReference; fileEncoding = 4; lastKnownFileType = sourcecode.c.h; path = CBook.h; sourceTree = "<group>"; };
		26B25F61161369DC00D1959F /* CBook.m */ = {isa = PBXFileReference; fileEncoding = 4; lastKnownFileType = sourcecode.c.objc; path = CBook.m; sourceTree = "<group>"; };
		26B513AB162EED8600ABB490 /* BookDetailViewController.h */ = {isa = PBXFileReference; fileEncoding = 4; lastKnownFileType = sourcecode.c.h; path = BookDetailViewController.h; sourceTree = "<group>"; };
		26B513AC162EED8600ABB490 /* BookDetailViewController.m */ = {isa = PBXFileReference; fileEncoding = 4; lastKnownFileType = sourcecode.c.objc; path = BookDetailViewController.m; sourceTree = "<group>"; };
		26BAD59615C2DADE00E4AC7F /* unisys_logo.jpg */ = {isa = PBXFileReference; lastKnownFileType = image.jpeg; path = unisys_logo.jpg; sourceTree = "<group>"; };
		26DFDC77160A0DAD002283E4 /* GTCCTabBarController.h */ = {isa = PBXFileReference; fileEncoding = 4; lastKnownFileType = sourcecode.c.h; path = GTCCTabBarController.h; sourceTree = "<group>"; };
		26DFDC78160A0DAD002283E4 /* GTCCTabBarController.m */ = {isa = PBXFileReference; fileEncoding = 4; lastKnownFileType = sourcecode.c.objc; path = GTCCTabBarController.m; sourceTree = "<group>"; };
		6D9E3BCE17BBD81000033D41 /* NSData+Base64.h */ = {isa = PBXFileReference; fileEncoding = 4; lastKnownFileType = sourcecode.c.h; path = "NSData+Base64.h"; sourceTree = "<group>"; };
		6D9E3BCF17BBD81000033D41 /* NSData+Base64.m */ = {isa = PBXFileReference; fileEncoding = 4; lastKnownFileType = sourcecode.c.objc; path = "NSData+Base64.m"; sourceTree = "<group>"; };
		7F9CDEAF16B3F64C008FB818 /* smile.jpeg */ = {isa = PBXFileReference; lastKnownFileType = image.jpeg; path = smile.jpeg; sourceTree = "<group>"; };
		7F9E296D16B4EFD4002FBDCC /* EGORefreshTableHeaderView.h */ = {isa = PBXFileReference; fileEncoding = 4; lastKnownFileType = sourcecode.c.h; path = EGORefreshTableHeaderView.h; sourceTree = "<group>"; };
		7F9E296E16B4EFD4002FBDCC /* EGORefreshTableHeaderView.m */ = {isa = PBXFileReference; fileEncoding = 4; lastKnownFileType = sourcecode.c.objc; path = EGORefreshTableHeaderView.m; sourceTree = "<group>"; };
		7F9E297016B4EFD4002FBDCC /* blackArrow.png */ = {isa = PBXFileReference; lastKnownFileType = image.png; path = blackArrow.png; sourceTree = "<group>"; };
		7F9E297116B4EFD4002FBDCC /* blackArrow@2x.png */ = {isa = PBXFileReference; lastKnownFileType = image.png; path = "blackArrow@2x.png"; sourceTree = "<group>"; };
		7F9E297216B4EFD4002FBDCC /* blueArrow.png */ = {isa = PBXFileReference; lastKnownFileType = image.png; path = blueArrow.png; sourceTree = "<group>"; };
		7F9E297316B4EFD4002FBDCC /* blueArrow@2x.png */ = {isa = PBXFileReference; lastKnownFileType = image.png; path = "blueArrow@2x.png"; sourceTree = "<group>"; };
		7F9E297416B4EFD4002FBDCC /* grayArrow.png */ = {isa = PBXFileReference; lastKnownFileType = image.png; path = grayArrow.png; sourceTree = "<group>"; };
		7F9E297516B4EFD4002FBDCC /* grayArrow@2x.png */ = {isa = PBXFileReference; lastKnownFileType = image.png; path = "grayArrow@2x.png"; sourceTree = "<group>"; };
		7F9E297616B4EFD4002FBDCC /* whiteArrow.png */ = {isa = PBXFileReference; lastKnownFileType = image.png; path = whiteArrow.png; sourceTree = "<group>"; };
		7F9E297716B4EFD4002FBDCC /* whiteArrow@2x.png */ = {isa = PBXFileReference; lastKnownFileType = image.png; path = "whiteArrow@2x.png"; sourceTree = "<group>"; };
		7F9ED4C6169DB88E004090F0 /* RegexKitLite.h */ = {isa = PBXFileReference; fileEncoding = 4; lastKnownFileType = sourcecode.c.h; path = RegexKitLite.h; sourceTree = "<group>"; };
		7F9ED4C7169DB897004090F0 /* RegexKitLite.m */ = {isa = PBXFileReference; fileEncoding = 4; lastKnownFileType = sourcecode.c.objc; path = RegexKitLite.m; sourceTree = "<group>"; };
		7F9F117616A6FB370085AE8C /* MBProgressHUD.h */ = {isa = PBXFileReference; fileEncoding = 4; lastKnownFileType = sourcecode.c.h; path = MBProgressHUD.h; sourceTree = "<group>"; };
		7F9F117716A6FB370085AE8C /* MBProgressHUD.m */ = {isa = PBXFileReference; fileEncoding = 4; lastKnownFileType = sourcecode.c.objc; path = MBProgressHUD.m; sourceTree = "<group>"; };
		7FA2291D16B00B3D0089FC75 /* tab_isbn.png */ = {isa = PBXFileReference; lastKnownFileType = image.png; path = tab_isbn.png; sourceTree = "<group>"; };
		7FA2291F16B00BDE0089FC75 /* mybook.png */ = {isa = PBXFileReference; lastKnownFileType = image.png; path = mybook.png; sourceTree = "<group>"; };
		7FA2292316B034FE0089FC75 /* sync-1.png */ = {isa = PBXFileReference; lastKnownFileType = image.png; path = "sync-1.png"; sourceTree = "<group>"; };
		7FF9E30E169DA50300DF4906 /* ScanViewController.h */ = {isa = PBXFileReference; fileEncoding = 4; lastKnownFileType = sourcecode.c.h; path = ScanViewController.h; sourceTree = "<group>"; };
		7FF9E30F169DA50300DF4906 /* ScanViewController.m */ = {isa = PBXFileReference; fileEncoding = 4; lastKnownFileType = sourcecode.c.objc; path = ScanViewController.m; sourceTree = "<group>"; };
		7FFB25E0169D9E340087F12F /* store.png */ = {isa = PBXFileReference; lastKnownFileType = image.png; path = store.png; sourceTree = "<group>"; };
		7FFB25E4169DA0380087F12F /* Icon-iPhone@2x.png */ = {isa = PBXFileReference; lastKnownFileType = image.png; path = "Icon-iPhone@2x.png"; sourceTree = "<group>"; };
		7FFB25EA169DA17E0087F12F /* Decoder.h */ = {isa = PBXFileReference; fileEncoding = 4; lastKnownFileType = sourcecode.c.h; path = Decoder.h; sourceTree = "<group>"; };
		7FFB25EB169DA17E0087F12F /* Exception.h */ = {isa = PBXFileReference; fileEncoding = 4; lastKnownFileType = sourcecode.c.h; path = Exception.h; sourceTree = "<group>"; };
		7FFB25EC169DA17E0087F12F /* Image.h */ = {isa = PBXFileReference; fileEncoding = 4; lastKnownFileType = sourcecode.c.h; path = Image.h; sourceTree = "<group>"; };
		7FFB25ED169DA17E0087F12F /* ImageScanner.h */ = {isa = PBXFileReference; fileEncoding = 4; lastKnownFileType = sourcecode.c.h; path = ImageScanner.h; sourceTree = "<group>"; };
		7FFB25EE169DA17E0087F12F /* Processor.h */ = {isa = PBXFileReference; fileEncoding = 4; lastKnownFileType = sourcecode.c.h; path = Processor.h; sourceTree = "<group>"; };
		7FFB25EF169DA17E0087F12F /* Scanner.h */ = {isa = PBXFileReference; fileEncoding = 4; lastKnownFileType = sourcecode.c.h; path = Scanner.h; sourceTree = "<group>"; };
		7FFB25F0169DA17E0087F12F /* Symbol.h */ = {isa = PBXFileReference; fileEncoding = 4; lastKnownFileType = sourcecode.c.h; path = Symbol.h; sourceTree = "<group>"; };
		7FFB25F1169DA17E0087F12F /* Video.h */ = {isa = PBXFileReference; fileEncoding = 4; lastKnownFileType = sourcecode.c.h; path = Video.h; sourceTree = "<group>"; };
		7FFB25F2169DA17E0087F12F /* Window.h */ = {isa = PBXFileReference; fileEncoding = 4; lastKnownFileType = sourcecode.c.h; path = Window.h; sourceTree = "<group>"; };
		7FFB25F3169DA17E0087F12F /* zbar.h */ = {isa = PBXFileReference; fileEncoding = 4; lastKnownFileType = sourcecode.c.h; path = zbar.h; sourceTree = "<group>"; };
		7FFB25F4169DA17E0087F12F /* ZBarCameraSimulator.h */ = {isa = PBXFileReference; fileEncoding = 4; lastKnownFileType = sourcecode.c.h; path = ZBarCameraSimulator.h; sourceTree = "<group>"; };
		7FFB25F5169DA17E0087F12F /* ZBarCaptureReader.h */ = {isa = PBXFileReference; fileEncoding = 4; lastKnownFileType = sourcecode.c.h; path = ZBarCaptureReader.h; sourceTree = "<group>"; };
		7FFB25F6169DA17E0087F12F /* ZBarHelpController.h */ = {isa = PBXFileReference; fileEncoding = 4; lastKnownFileType = sourcecode.c.h; path = ZBarHelpController.h; sourceTree = "<group>"; };
		7FFB25F7169DA17E0087F12F /* ZBarImage.h */ = {isa = PBXFileReference; fileEncoding = 4; lastKnownFileType = sourcecode.c.h; path = ZBarImage.h; sourceTree = "<group>"; };
		7FFB25F8169DA17E0087F12F /* ZBarImageScanner.h */ = {isa = PBXFileReference; fileEncoding = 4; lastKnownFileType = sourcecode.c.h; path = ZBarImageScanner.h; sourceTree = "<group>"; };
		7FFB25F9169DA17E0087F12F /* ZBarReaderController.h */ = {isa = PBXFileReference; fileEncoding = 4; lastKnownFileType = sourcecode.c.h; path = ZBarReaderController.h; sourceTree = "<group>"; };
		7FFB25FA169DA17E0087F12F /* ZBarReaderView.h */ = {isa = PBXFileReference; fileEncoding = 4; lastKnownFileType = sourcecode.c.h; path = ZBarReaderView.h; sourceTree = "<group>"; };
		7FFB25FB169DA17E0087F12F /* ZBarReaderViewController.h */ = {isa = PBXFileReference; fileEncoding = 4; lastKnownFileType = sourcecode.c.h; path = ZBarReaderViewController.h; sourceTree = "<group>"; };
		7FFB25FC169DA17E0087F12F /* ZBarSDK.h */ = {isa = PBXFileReference; fileEncoding = 4; lastKnownFileType = sourcecode.c.h; path = ZBarSDK.h; sourceTree = "<group>"; };
		7FFB25FD169DA17E0087F12F /* ZBarSymbol.h */ = {isa = PBXFileReference; fileEncoding = 4; lastKnownFileType = sourcecode.c.h; path = ZBarSymbol.h; sourceTree = "<group>"; };
		7FFB25FE169DA17E0087F12F /* libzbar.a */ = {isa = PBXFileReference; lastKnownFileType = archive.ar; path = libzbar.a; sourceTree = "<group>"; };
		7FFB2600169DA17E0087F12F /* zbar-back.png */ = {isa = PBXFileReference; lastKnownFileType = image.png; path = "zbar-back.png"; sourceTree = "<group>"; };
		7FFB2601169DA17E0087F12F /* zbar-help.html */ = {isa = PBXFileReference; fileEncoding = 4; lastKnownFileType = text.html; path = "zbar-help.html"; sourceTree = "<group>"; };
		7FFB2602169DA17E0087F12F /* zbar-helpicons.png */ = {isa = PBXFileReference; lastKnownFileType = image.png; path = "zbar-helpicons.png"; sourceTree = "<group>"; };
		7FFB2603169DA17E0087F12F /* zbar-samples.png */ = {isa = PBXFileReference; lastKnownFileType = image.png; path = "zbar-samples.png"; sourceTree = "<group>"; };
		7FFB2609169DA1AD0087F12F /* AVFoundation.framework */ = {isa = PBXFileReference; lastKnownFileType = wrapper.framework; name = AVFoundation.framework; path = System/Library/Frameworks/AVFoundation.framework; sourceTree = SDKROOT; };
		7FFB260B169DA1BB0087F12F /* CoreMedia.framework */ = {isa = PBXFileReference; lastKnownFileType = wrapper.framework; name = CoreMedia.framework; path = System/Library/Frameworks/CoreMedia.framework; sourceTree = SDKROOT; };
		7FFB260D169DA1C80087F12F /* CoreVideo.framework */ = {isa = PBXFileReference; lastKnownFileType = wrapper.framework; name = CoreVideo.framework; path = System/Library/Frameworks/CoreVideo.framework; sourceTree = SDKROOT; };
		7FFB260F169DA1E70087F12F /* libiconv.dylib */ = {isa = PBXFileReference; lastKnownFileType = "compiled.mach-o.dylib"; name = libiconv.dylib; path = usr/lib/libiconv.dylib; sourceTree = SDKROOT; };
/* End PBXFileReference section */

/* Begin PBXFrameworksBuildPhase section */
		26AAAF00159C473E003AEF83 /* Frameworks */ = {
			isa = PBXFrameworksBuildPhase;
			buildActionMask = 2147483647;
			files = (
				7FFB2610169DA1E70087F12F /* libiconv.dylib in Frameworks */,
				2636F7D21632C61B00AFC6EC /* QuartzCore.framework in Frameworks */,
				7FFB260E169DA1C80087F12F /* CoreVideo.framework in Frameworks */,
				7FFB260C169DA1BB0087F12F /* CoreMedia.framework in Frameworks */,
				7FFB260A169DA1AD0087F12F /* AVFoundation.framework in Frameworks */,
				26AAAF08159C473E003AEF83 /* UIKit.framework in Frameworks */,
				26AAAF0A159C473E003AEF83 /* Foundation.framework in Frameworks */,
				26AAAF0C159C473E003AEF83 /* CoreGraphics.framework in Frameworks */,
				7FFB2604169DA17E0087F12F /* libzbar.a in Frameworks */,
			);
			runOnlyForDeploymentPostprocessing = 0;
		};
/* End PBXFrameworksBuildPhase section */

/* Begin PBXGroup section */
		2638D0AC15C06A68000906BC /* Classes */ = {
			isa = PBXGroup;
			children = (
				6D9E3BCD17BBD7F000033D41 /* Base64 */,
				7F9E296A16B4EFD4002FBDCC /* EGOTableViewPullRefresh */,
				7F9F117416A6FB210085AE8C /* MBProgressHUD */,
				7F9ED4C4169DB875004090F0 /* RegexKitLite */,
				7FFB25E6169DA17E0087F12F /* ZBarSDK */,
				26BAD59015C2830400E4AC7F /* SBJson */,
			);
			path = Classes;
			sourceTree = "<group>";
		};
		26AAAEF8159C473E003AEF83 = {
			isa = PBXGroup;
			children = (
				2638D0AC15C06A68000906BC /* Classes */,
				26EAA74E15A47866000057C3 /* Image */,
				26AAAF0D159C473E003AEF83 /* GTCCLibrary */,
				26AAAF06159C473E003AEF83 /* Frameworks */,
				26AAAF04159C473E003AEF83 /* Products */,
			);
			sourceTree = "<group>";
		};
		26AAAF04159C473E003AEF83 /* Products */ = {
			isa = PBXGroup;
			children = (
				26AAAF03159C473E003AEF83 /* GTCC Library.app */,
			);
			name = Products;
			sourceTree = "<group>";
		};
		26AAAF06159C473E003AEF83 /* Frameworks */ = {
			isa = PBXGroup;
			children = (
				7FFB260F169DA1E70087F12F /* libiconv.dylib */,
				7FFB260D169DA1C80087F12F /* CoreVideo.framework */,
				7FFB260B169DA1BB0087F12F /* CoreMedia.framework */,
				7FFB2609169DA1AD0087F12F /* AVFoundation.framework */,
				2636F7D11632C61B00AFC6EC /* QuartzCore.framework */,
				26AAAF07159C473E003AEF83 /* UIKit.framework */,
				26AAAF09159C473E003AEF83 /* Foundation.framework */,
				26AAAF0B159C473E003AEF83 /* CoreGraphics.framework */,
			);
			name = Frameworks;
			sourceTree = "<group>";
		};
		26AAAF0D159C473E003AEF83 /* GTCCLibrary */ = {
			isa = PBXGroup;
			children = (
				26AF2D5F1633D93600AB5CEF /* FromServer */,
				267CA9251609E2E8005C2EA3 /* LoginViewController.h */,
				267CA9261609E2E8005C2EA3 /* LoginViewController.m */,
				26AAAF16159C473F003AEF83 /* GTCCLibraryAppDelegate.h */,
				26AAAF17159C473F003AEF83 /* GTCCLibraryAppDelegate.m */,
				26AAAF19159C473F003AEF83 /* MainStoryboard_iPhone.storyboard */,
				26AAAF1C159C473F003AEF83 /* MainStoryboard_iPad.storyboard */,
				269F7E9F15A488D200D96F94 /* BookstoreTVC.h */,
				269F7EA015A488D200D96F94 /* BookstoreTVC.m */,
				26DFDC77160A0DAD002283E4 /* GTCCTabBarController.h */,
				26DFDC78160A0DAD002283E4 /* GTCCTabBarController.m */,
				26B513AB162EED8600ABB490 /* BookDetailViewController.h */,
				26B513AC162EED8600ABB490 /* BookDetailViewController.m */,
				2636F7CD16327D2B00AFC6EC /* Utility.h */,
				2636F7CE16327D2B00AFC6EC /* Utility.m */,
				26AF2D5716338E7900AB5CEF /* Constraint.h */,
				26AF2D591633BC3200AB5CEF /* MyLiraryViewController.h */,
				26AF2D5A1633BC3200AB5CEF /* MyLiraryViewController.m */,
				7FF9E30E169DA50300DF4906 /* ScanViewController.h */,
				7FF9E30F169DA50300DF4906 /* ScanViewController.m */,
				26AAAF0E159C473F003AEF83 /* Supporting Files */,
			);
			path = GTCCLibrary;
			sourceTree = "<group>";
		};
		26AAAF0E159C473F003AEF83 /* Supporting Files */ = {
			isa = PBXGroup;
			children = (
				26AAAF0F159C473F003AEF83 /* GTCC Library-Info.plist */,
				26AAAF10159C473F003AEF83 /* InfoPlist.strings */,
				26AAAF13159C473F003AEF83 /* main.m */,
				26AAAF15159C473F003AEF83 /* GTCC Library-Prefix.pch */,
			);
			name = "Supporting Files";
			sourceTree = "<group>";
		};
		26AF2D5F1633D93600AB5CEF /* FromServer */ = {
			isa = PBXGroup;
			children = (
				2638D09B15C0633A000906BC /* DataLayer.h */,
				2638D09C15C0633A000906BC /* DataLayer.m */,
				26B25F60161369DC00D1959F /* CBook.h */,
				26B25F61161369DC00D1959F /* CBook.m */,
				26AF2D5C1633C47600AB5CEF /* CBorrowHistory.h */,
				26AF2D5D1633C47600AB5CEF /* CBorrowHistory.m */,
			);
			name = FromServer;
			sourceTree = "<group>";
		};
		26BAD59015C2830400E4AC7F /* SBJson */ = {
			isa = PBXGroup;
			children = (
				2638D0AD15C06A68000906BC /* NSObject+SBJson.h */,
				2638D0AE15C06A68000906BC /* NSObject+SBJson.m */,
				2638D0AF15C06A68000906BC /* SBJson.h */,
				2638D0B015C06A68000906BC /* SBJsonParser.h */,
				2638D0B115C06A68000906BC /* SBJsonParser.m */,
				2638D0B215C06A68000906BC /* SBJsonStreamParser.h */,
				2638D0B315C06A68000906BC /* SBJsonStreamParser.m */,
				2638D0B415C06A68000906BC /* SBJsonStreamParserAccumulator.h */,
				2638D0B515C06A68000906BC /* SBJsonStreamParserAccumulator.m */,
				2638D0B615C06A68000906BC /* SBJsonStreamParserAdapter.h */,
				2638D0B715C06A68000906BC /* SBJsonStreamParserAdapter.m */,
				2638D0B815C06A68000906BC /* SBJsonStreamParserState.h */,
				2638D0B915C06A68000906BC /* SBJsonStreamParserState.m */,
				2638D0BA15C06A68000906BC /* SBJsonStreamWriter.h */,
				2638D0BB15C06A68000906BC /* SBJsonStreamWriter.m */,
				2638D0BC15C06A68000906BC /* SBJsonStreamWriterAccumulator.h */,
				2638D0BD15C06A68000906BC /* SBJsonStreamWriterAccumulator.m */,
				2638D0BE15C06A68000906BC /* SBJsonStreamWriterState.h */,
				2638D0BF15C06A68000906BC /* SBJsonStreamWriterState.m */,
				2638D0C015C06A68000906BC /* SBJsonTokeniser.h */,
				2638D0C115C06A68000906BC /* SBJsonTokeniser.m */,
				2638D0C215C06A68000906BC /* SBJsonUTF8Stream.h */,
				2638D0C315C06A68000906BC /* SBJsonUTF8Stream.m */,
				2638D0C415C06A68000906BC /* SBJsonWriter.h */,
				2638D0C515C06A68000906BC /* SBJsonWriter.m */,
			);
			name = SBJson;
			sourceTree = "<group>";
		};
		26EAA74E15A47866000057C3 /* Image */ = {
			isa = PBXGroup;
			children = (
				7FFB25E4169DA0380087F12F /* Icon-iPhone@2x.png */,
				7F9CDEAF16B3F64C008FB818 /* smile.jpeg */,
				7FA2291D16B00B3D0089FC75 /* tab_isbn.png */,
				7FA2292316B034FE0089FC75 /* sync-1.png */,
				7FA2291F16B00BDE0089FC75 /* mybook.png */,
				26BAD59615C2DADE00E4AC7F /* unisys_logo.jpg */,
				7FFB25E0169D9E340087F12F /* store.png */,
			);
			name = Image;
			sourceTree = "<group>";
		};
		6D9E3BCD17BBD7F000033D41 /* Base64 */ = {
			isa = PBXGroup;
			children = (
				6D9E3BCE17BBD81000033D41 /* NSData+Base64.h */,
				6D9E3BCF17BBD81000033D41 /* NSData+Base64.m */,
			);
			name = Base64;
			sourceTree = "<group>";
		};
		7F9E296A16B4EFD4002FBDCC /* EGOTableViewPullRefresh */ = {
			isa = PBXGroup;
			children = (
				7F9E296B16B4EFD4002FBDCC /* Classes */,
				7F9E296F16B4EFD4002FBDCC /* Resources */,
			);
			path = EGOTableViewPullRefresh;
			sourceTree = "<group>";
		};
		7F9E296B16B4EFD4002FBDCC /* Classes */ = {
			isa = PBXGroup;
			children = (
				7F9E296C16B4EFD4002FBDCC /* View */,
			);
			path = Classes;
			sourceTree = "<group>";
		};
		7F9E296C16B4EFD4002FBDCC /* View */ = {
			isa = PBXGroup;
			children = (
				7F9E296D16B4EFD4002FBDCC /* EGORefreshTableHeaderView.h */,
				7F9E296E16B4EFD4002FBDCC /* EGORefreshTableHeaderView.m */,
			);
			path = View;
			sourceTree = "<group>";
		};
		7F9E296F16B4EFD4002FBDCC /* Resources */ = {
			isa = PBXGroup;
			children = (
				7F9E297016B4EFD4002FBDCC /* blackArrow.png */,
				7F9E297116B4EFD4002FBDCC /* blackArrow@2x.png */,
				7F9E297216B4EFD4002FBDCC /* blueArrow.png */,
				7F9E297316B4EFD4002FBDCC /* blueArrow@2x.png */,
				7F9E297416B4EFD4002FBDCC /* grayArrow.png */,
				7F9E297516B4EFD4002FBDCC /* grayArrow@2x.png */,
				7F9E297616B4EFD4002FBDCC /* whiteArrow.png */,
				7F9E297716B4EFD4002FBDCC /* whiteArrow@2x.png */,
			);
			path = Resources;
			sourceTree = "<group>";
		};
		7F9ED4C4169DB875004090F0 /* RegexKitLite */ = {
			isa = PBXGroup;
			children = (
				7F9ED4C7169DB897004090F0 /* RegexKitLite.m */,
				7F9ED4C6169DB88E004090F0 /* RegexKitLite.h */,
			);
			name = RegexKitLite;
			sourceTree = "<group>";
		};
		7F9F117416A6FB210085AE8C /* MBProgressHUD */ = {
			isa = PBXGroup;
			children = (
				7F9F117616A6FB370085AE8C /* MBProgressHUD.h */,
				7F9F117716A6FB370085AE8C /* MBProgressHUD.m */,
			);
			name = MBProgressHUD;
			sourceTree = "<group>";
		};
		7FFB25E6169DA17E0087F12F /* ZBarSDK */ = {
			isa = PBXGroup;
			children = (
				7FFB25E7169DA17E0087F12F /* Headers */,
				7FFB25FE169DA17E0087F12F /* libzbar.a */,
				7FFB25FF169DA17E0087F12F /* Resources */,
			);
			name = ZBarSDK;
			path = ../ZBarSDK;
			sourceTree = "<group>";
		};
		7FFB25E7169DA17E0087F12F /* Headers */ = {
			isa = PBXGroup;
			children = (
				7FFB25E8169DA17E0087F12F /* ZBarSDK */,
			);
			path = Headers;
			sourceTree = "<group>";
		};
		7FFB25E8169DA17E0087F12F /* ZBarSDK */ = {
			isa = PBXGroup;
			children = (
				7FFB25E9169DA17E0087F12F /* zbar */,
				7FFB25F3169DA17E0087F12F /* zbar.h */,
				7FFB25F4169DA17E0087F12F /* ZBarCameraSimulator.h */,
				7FFB25F5169DA17E0087F12F /* ZBarCaptureReader.h */,
				7FFB25F6169DA17E0087F12F /* ZBarHelpController.h */,
				7FFB25F7169DA17E0087F12F /* ZBarImage.h */,
				7FFB25F8169DA17E0087F12F /* ZBarImageScanner.h */,
				7FFB25F9169DA17E0087F12F /* ZBarReaderController.h */,
				7FFB25FA169DA17E0087F12F /* ZBarReaderView.h */,
				7FFB25FB169DA17E0087F12F /* ZBarReaderViewController.h */,
				7FFB25FC169DA17E0087F12F /* ZBarSDK.h */,
				7FFB25FD169DA17E0087F12F /* ZBarSymbol.h */,
			);
			path = ZBarSDK;
			sourceTree = "<group>";
		};
		7FFB25E9169DA17E0087F12F /* zbar */ = {
			isa = PBXGroup;
			children = (
				7FFB25EA169DA17E0087F12F /* Decoder.h */,
				7FFB25EB169DA17E0087F12F /* Exception.h */,
				7FFB25EC169DA17E0087F12F /* Image.h */,
				7FFB25ED169DA17E0087F12F /* ImageScanner.h */,
				7FFB25EE169DA17E0087F12F /* Processor.h */,
				7FFB25EF169DA17E0087F12F /* Scanner.h */,
				7FFB25F0169DA17E0087F12F /* Symbol.h */,
				7FFB25F1169DA17E0087F12F /* Video.h */,
				7FFB25F2169DA17E0087F12F /* Window.h */,
			);
			path = zbar;
			sourceTree = "<group>";
		};
		7FFB25FF169DA17E0087F12F /* Resources */ = {
			isa = PBXGroup;
			children = (
				7FFB2600169DA17E0087F12F /* zbar-back.png */,
				7FFB2601169DA17E0087F12F /* zbar-help.html */,
				7FFB2602169DA17E0087F12F /* zbar-helpicons.png */,
				7FFB2603169DA17E0087F12F /* zbar-samples.png */,
			);
			path = Resources;
			sourceTree = "<group>";
		};
/* End PBXGroup section */

/* Begin PBXNativeTarget section */
		26AAAF02159C473E003AEF83 /* GTCC Library */ = {
			isa = PBXNativeTarget;
			buildConfigurationList = 26AAAF24159C473F003AEF83 /* Build configuration list for PBXNativeTarget "GTCC Library" */;
			buildPhases = (
				26AAAEFF159C473E003AEF83 /* Sources */,
				26AAAF00159C473E003AEF83 /* Frameworks */,
				26AAAF01159C473E003AEF83 /* Resources */,
				7FFB25DD169D9A780087F12F /* ShellScript */,
			);
			buildRules = (
			);
			dependencies = (
			);
			name = "GTCC Library";
			productName = GTCCLibrary;
			productReference = 26AAAF03159C473E003AEF83 /* GTCC Library.app */;
			productType = "com.apple.product-type.application";
		};
/* End PBXNativeTarget section */

/* Begin PBXProject section */
		26AAAEFA159C473E003AEF83 /* Project object */ = {
			isa = PBXProject;
			attributes = {
				LastUpgradeCheck = 0420;
			};
			buildConfigurationList = 26AAAEFD159C473E003AEF83 /* Build configuration list for PBXProject "GTCC Library" */;
			compatibilityVersion = "Xcode 3.2";
			developmentRegion = English;
			hasScannedForEncodings = 0;
			knownRegions = (
				en,
			);
			mainGroup = 26AAAEF8159C473E003AEF83;
			productRefGroup = 26AAAF04159C473E003AEF83 /* Products */;
			projectDirPath = "";
			projectRoot = "";
			targets = (
				26AAAF02159C473E003AEF83 /* GTCC Library */,
			);
		};
/* End PBXProject section */

/* Begin PBXResourcesBuildPhase section */
		26AAAF01159C473E003AEF83 /* Resources */ = {
			isa = PBXResourcesBuildPhase;
			buildActionMask = 2147483647;
			files = (
				26AAAF12159C473F003AEF83 /* InfoPlist.strings in Resources */,
				26AAAF1B159C473F003AEF83 /* MainStoryboard_iPhone.storyboard in Resources */,
				26AAAF1E159C473F003AEF83 /* MainStoryboard_iPad.storyboard in Resources */,
				26BAD59715C2DADE00E4AC7F /* unisys_logo.jpg in Resources */,
				7FFB25E3169D9E340087F12F /* store.png in Resources */,
				7FFB25E5169DA0380087F12F /* Icon-iPhone@2x.png in Resources */,
				7FFB2605169DA17E0087F12F /* zbar-back.png in Resources */,
				7FFB2606169DA17E0087F12F /* zbar-help.html in Resources */,
				7FFB2607169DA17E0087F12F /* zbar-helpicons.png in Resources */,
				7FFB2608169DA17E0087F12F /* zbar-samples.png in Resources */,
				7FA2291E16B00B3D0089FC75 /* tab_isbn.png in Resources */,
				7FA2292016B00BDE0089FC75 /* mybook.png in Resources */,
				7FA2292416B034FE0089FC75 /* sync-1.png in Resources */,
				7F9CDEB016B3F64C008FB818 /* smile.jpeg in Resources */,
				7F9E297916B4EFD4002FBDCC /* blackArrow.png in Resources */,
				7F9E297A16B4EFD4002FBDCC /* blackArrow@2x.png in Resources */,
				7F9E297B16B4EFD4002FBDCC /* blueArrow.png in Resources */,
				7F9E297C16B4EFD4002FBDCC /* blueArrow@2x.png in Resources */,
				7F9E297D16B4EFD4002FBDCC /* grayArrow.png in Resources */,
				7F9E297E16B4EFD4002FBDCC /* grayArrow@2x.png in Resources */,
				7F9E297F16B4EFD4002FBDCC /* whiteArrow.png in Resources */,
				7F9E298016B4EFD4002FBDCC /* whiteArrow@2x.png in Resources */,
			);
			runOnlyForDeploymentPostprocessing = 0;
		};
/* End PBXResourcesBuildPhase section */

/* Begin PBXShellScriptBuildPhase section */
		7FFB25DD169D9A780087F12F /* ShellScript */ = {
			isa = PBXShellScriptBuildPhase;
			buildActionMask = 2147483647;
			files = (
			);
			inputPaths = (
			);
			outputPaths = (
			);
			runOnlyForDeploymentPostprocessing = 0;
			shellPath = /bin/sh;
			shellScript = "";
		};
/* End PBXShellScriptBuildPhase section */

/* Begin PBXSourcesBuildPhase section */
		26AAAEFF159C473E003AEF83 /* Sources */ = {
			isa = PBXSourcesBuildPhase;
			buildActionMask = 2147483647;
			files = (
				26AAAF14159C473F003AEF83 /* main.m in Sources */,
				26AAAF18159C473F003AEF83 /* GTCCLibraryAppDelegate.m in Sources */,
				269F7EA115A488D200D96F94 /* BookstoreTVC.m in Sources */,
				2638D09D15C0633A000906BC /* DataLayer.m in Sources */,
				2638D0C615C06A68000906BC /* NSObject+SBJson.m in Sources */,
				2638D0C715C06A68000906BC /* SBJsonParser.m in Sources */,
				2638D0C815C06A68000906BC /* SBJsonStreamParser.m in Sources */,
				2638D0C915C06A68000906BC /* SBJsonStreamParserAccumulator.m in Sources */,
				2638D0CA15C06A68000906BC /* SBJsonStreamParserAdapter.m in Sources */,
				2638D0CB15C06A68000906BC /* SBJsonStreamParserState.m in Sources */,
				2638D0CC15C06A68000906BC /* SBJsonStreamWriter.m in Sources */,
				2638D0CD15C06A68000906BC /* SBJsonStreamWriterAccumulator.m in Sources */,
				2638D0CE15C06A68000906BC /* SBJsonStreamWriterState.m in Sources */,
				2638D0CF15C06A68000906BC /* SBJsonTokeniser.m in Sources */,
				2638D0D015C06A68000906BC /* SBJsonUTF8Stream.m in Sources */,
				2638D0D115C06A68000906BC /* SBJsonWriter.m in Sources */,
				267CA9271609E2E8005C2EA3 /* LoginViewController.m in Sources */,
				26DFDC79160A0DAD002283E4 /* GTCCTabBarController.m in Sources */,
				26B25F62161369DC00D1959F /* CBook.m in Sources */,
				26B513AD162EED8700ABB490 /* BookDetailViewController.m in Sources */,
				2636F7CF16327D2B00AFC6EC /* Utility.m in Sources */,
				26AF2D5B1633BC3200AB5CEF /* MyLiraryViewController.m in Sources */,
				26AF2D5E1633C47600AB5CEF /* CBorrowHistory.m in Sources */,
				7FF9E310169DA50300DF4906 /* ScanViewController.m in Sources */,
				7F9ED4C8169DB897004090F0 /* RegexKitLite.m in Sources */,
				7F9F117816A6FB370085AE8C /* MBProgressHUD.m in Sources */,
				7F9E297816B4EFD4002FBDCC /* EGORefreshTableHeaderView.m in Sources */,
				6D9E3BD017BBD81000033D41 /* NSData+Base64.m in Sources */,
			);
			runOnlyForDeploymentPostprocessing = 0;
		};
/* End PBXSourcesBuildPhase section */

/* Begin PBXVariantGroup section */
		26AAAF10159C473F003AEF83 /* InfoPlist.strings */ = {
			isa = PBXVariantGroup;
			children = (
				26AAAF11159C473F003AEF83 /* en */,
			);
			name = InfoPlist.strings;
			sourceTree = "<group>";
		};
		26AAAF19159C473F003AEF83 /* MainStoryboard_iPhone.storyboard */ = {
			isa = PBXVariantGroup;
			children = (
				26AAAF1A159C473F003AEF83 /* en */,
			);
			name = MainStoryboard_iPhone.storyboard;
			sourceTree = "<group>";
		};
		26AAAF1C159C473F003AEF83 /* MainStoryboard_iPad.storyboard */ = {
			isa = PBXVariantGroup;
			children = (
				26AAAF1D159C473F003AEF83 /* en */,
			);
			name = MainStoryboard_iPad.storyboard;
			sourceTree = "<group>";
		};
/* End PBXVariantGroup section */

/* Begin XCBuildConfiguration section */
		26AAAF22159C473F003AEF83 /* Debug */ = {
			isa = XCBuildConfiguration;
			buildSettings = {
				ALWAYS_SEARCH_USER_PATHS = NO;
				ARCHS = "$(ARCHS_STANDARD_32_BIT)";
				CLANG_ENABLE_OBJC_ARC = YES;
				"CODE_SIGN_IDENTITY[sdk=iphoneos*]" = "iPhone Developer";
				COPY_PHASE_STRIP = NO;
				GCC_C_LANGUAGE_STANDARD = gnu99;
				GCC_DYNAMIC_NO_PIC = NO;
				GCC_OPTIMIZATION_LEVEL = 0;
				GCC_PREPROCESSOR_DEFINITIONS = (
					"DEBUG=1",
					"$(inherited)",
				);
				GCC_SYMBOLS_PRIVATE_EXTERN = NO;
				GCC_VERSION = com.apple.compilers.llvm.clang.1_0;
				GCC_WARN_ABOUT_MISSING_PROTOTYPES = YES;
				GCC_WARN_ABOUT_RETURN_TYPE = YES;
				GCC_WARN_UNUSED_VARIABLE = YES;
				IPHONEOS_DEPLOYMENT_TARGET = 6.1;
				SDKROOT = iphoneos;
				TARGETED_DEVICE_FAMILY = "1,2";
			};
			name = Debug;
		};
		26AAAF23159C473F003AEF83 /* Release */ = {
			isa = XCBuildConfiguration;
			buildSettings = {
				ALWAYS_SEARCH_USER_PATHS = NO;
				ARCHS = "$(ARCHS_STANDARD_32_BIT)";
				CLANG_ENABLE_OBJC_ARC = YES;
				"CODE_SIGN_IDENTITY[sdk=iphoneos*]" = "iPhone Developer";
				COPY_PHASE_STRIP = YES;
				GCC_C_LANGUAGE_STANDARD = gnu99;
				GCC_VERSION = com.apple.compilers.llvm.clang.1_0;
				GCC_WARN_ABOUT_MISSING_PROTOTYPES = YES;
				GCC_WARN_ABOUT_RETURN_TYPE = YES;
				GCC_WARN_UNUSED_VARIABLE = YES;
				IPHONEOS_DEPLOYMENT_TARGET = 6.1;
				OTHER_CFLAGS = "-DNS_BLOCK_ASSERTIONS=1";
				SDKROOT = iphoneos;
				TARGETED_DEVICE_FAMILY = "1,2";
				VALIDATE_PRODUCT = YES;
			};
			name = Release;
		};
		26AAAF25159C473F003AEF83 /* Debug */ = {
			isa = XCBuildConfiguration;
			buildSettings = {
				CLANG_ENABLE_OBJC_ARC = YES;
				"CODE_SIGN_IDENTITY[sdk=iphoneos*]" = "iPhone Developer: YANGPING WU (4KDDL8B8PK)";
				GCC_PRECOMPILE_PREFIX_HEADER = YES;
				GCC_PREFIX_HEADER = "GTCCLibrary/GTCC Library-Prefix.pch";
				INFOPLIST_FILE = "GTCCLibrary/GTCC Library-Info.plist";
				IPHONEOS_DEPLOYMENT_TARGET = 6.1;
				LIBRARY_SEARCH_PATHS = (
					"$(inherited)",
					"\"$(SRCROOT)/ZBarSDK\"",
				);
				ONLY_ACTIVE_ARCH = YES;
				OTHER_LDFLAGS = "-licucore";
				"OTHER_LDFLAGS[arch=*]" = "-licucore";
				PRODUCT_NAME = "GTCC Library";
				"PROVISIONING_PROFILE[sdk=iphoneos*]" = "B69B1A2A-9361-4C51-8D50-09AB60FF9C62";
				WRAPPER_EXTENSION = app;
			};
			name = Debug;
		};
		26AAAF26159C473F003AEF83 /* Release */ = {
			isa = XCBuildConfiguration;
			buildSettings = {
				CLANG_ENABLE_OBJC_ARC = YES;
				"CODE_SIGN_IDENTITY[sdk=iphoneos*]" = "iPhone Developer: YANGPING WU (4KDDL8B8PK)";
				GCC_PRECOMPILE_PREFIX_HEADER = YES;
				GCC_PREFIX_HEADER = "GTCCLibrary/GTCC Library-Prefix.pch";
				INFOPLIST_FILE = "GTCCLibrary/GTCC Library-Info.plist";
				IPHONEOS_DEPLOYMENT_TARGET = 6.1;
				LIBRARY_SEARCH_PATHS = (
					"$(inherited)",
					"\"$(SRCROOT)/ZBarSDK\"",
				);
				ONLY_ACTIVE_ARCH = YES;
				OTHER_LDFLAGS = "-licucore";
				PRODUCT_NAME = "GTCC Library";
				"PROVISIONING_PROFILE[sdk=iphoneos*]" = "B69B1A2A-9361-4C51-8D50-09AB60FF9C62";
				WRAPPER_EXTENSION = app;
			};
			name = Release;
		};
/* End XCBuildConfiguration section */

/* Begin XCConfigurationList section */
		26AAAEFD159C473E003AEF83 /* Build configuration list for PBXProject "GTCC Library" */ = {
			isa = XCConfigurationList;
			buildConfigurations = (
				26AAAF22159C473F003AEF83 /* Debug */,
				26AAAF23159C473F003AEF83 /* Release */,
			);
			defaultConfigurationIsVisible = 0;
			defaultConfigurationName = Release;
		};
		26AAAF24159C473F003AEF83 /* Build configuration list for PBXNativeTarget "GTCC Library" */ = {
			isa = XCConfigurationList;
			buildConfigurations = (
				26AAAF25159C473F003AEF83 /* Debug */,
				26AAAF26159C473F003AEF83 /* Release */,
			);
			defaultConfigurationIsVisible = 0;
			defaultConfigurationName = Release;
		};
/* End XCConfigurationList section */
	};
	rootObject = 26AAAEFA159C473E003AEF83 /* Project object */;
}
