// !$*UTF8*$!
{
	archiveVersion = 1;
	classes = {
	};
	objectVersion = 46;
	objects = {

/* Begin PBXBuildFile section */
		269F7EA115A488D200D96F94 /* HistoryTVC.m in Sources */ = {isa = PBXBuildFile; fileRef = 269F7EA015A488D200D96F94 /* HistoryTVC.m */; };
		26AAAF08159C473E003AEF83 /* UIKit.framework in Frameworks */ = {isa = PBXBuildFile; fileRef = 26AAAF07159C473E003AEF83 /* UIKit.framework */; };
		26AAAF0A159C473E003AEF83 /* Foundation.framework in Frameworks */ = {isa = PBXBuildFile; fileRef = 26AAAF09159C473E003AEF83 /* Foundation.framework */; };
		26AAAF0C159C473E003AEF83 /* CoreGraphics.framework in Frameworks */ = {isa = PBXBuildFile; fileRef = 26AAAF0B159C473E003AEF83 /* CoreGraphics.framework */; };
		26AAAF12159C473F003AEF83 /* InfoPlist.strings in Resources */ = {isa = PBXBuildFile; fileRef = 26AAAF10159C473F003AEF83 /* InfoPlist.strings */; };
		26AAAF14159C473F003AEF83 /* main.m in Sources */ = {isa = PBXBuildFile; fileRef = 26AAAF13159C473F003AEF83 /* main.m */; };
		26AAAF18159C473F003AEF83 /* GTCCLibraryAppDelegate.m in Sources */ = {isa = PBXBuildFile; fileRef = 26AAAF17159C473F003AEF83 /* GTCCLibraryAppDelegate.m */; };
		26AAAF1B159C473F003AEF83 /* MainStoryboard_iPhone.storyboard in Resources */ = {isa = PBXBuildFile; fileRef = 26AAAF19159C473F003AEF83 /* MainStoryboard_iPhone.storyboard */; };
		26AAAF1E159C473F003AEF83 /* MainStoryboard_iPad.storyboard in Resources */ = {isa = PBXBuildFile; fileRef = 26AAAF1C159C473F003AEF83 /* MainStoryboard_iPad.storyboard */; };
		26AAAF21159C473F003AEF83 /* GTCCLibraryViewController.m in Sources */ = {isa = PBXBuildFile; fileRef = 26AAAF20159C473F003AEF83 /* GTCCLibraryViewController.m */; };
		26B5D96715AEB8B900B79EE4 /* BookDetailViewController.m in Sources */ = {isa = PBXBuildFile; fileRef = 26B5D96615AEB8B900B79EE4 /* BookDetailViewController.m */; };
		26EAA74915A470BE000057C3 /* search-page-glyph.png in Resources */ = {isa = PBXBuildFile; fileRef = 26EAA74815A470BE000057C3 /* search-page-glyph.png */; };
		26EAA74B15A47247000057C3 /* iconMedBooks.png in Resources */ = {isa = PBXBuildFile; fileRef = 26EAA74A15A47247000057C3 /* iconMedBooks.png */; };
		26EAA74D15A47469000057C3 /* library-icon.png in Resources */ = {isa = PBXBuildFile; fileRef = 26EAA74C15A47469000057C3 /* library-icon.png */; };
		26EAA75015A48476000057C3 /* abc.png in Resources */ = {isa = PBXBuildFile; fileRef = 26EAA74F15A48476000057C3 /* abc.png */; };
/* End PBXBuildFile section */

/* Begin PBXFileReference section */
		269F7E9F15A488D200D96F94 /* HistoryTVC.h */ = {isa = PBXFileReference; fileEncoding = 4; lastKnownFileType = sourcecode.c.h; path = HistoryTVC.h; sourceTree = "<group>"; };
		269F7EA015A488D200D96F94 /* HistoryTVC.m */ = {isa = PBXFileReference; fileEncoding = 4; lastKnownFileType = sourcecode.c.objc; path = HistoryTVC.m; sourceTree = "<group>"; };
		26AAAF03159C473E003AEF83 /* GTCCLibrary.app */ = {isa = PBXFileReference; explicitFileType = wrapper.application; includeInIndex = 0; path = GTCCLibrary.app; sourceTree = BUILT_PRODUCTS_DIR; };
		26AAAF07159C473E003AEF83 /* UIKit.framework */ = {isa = PBXFileReference; lastKnownFileType = wrapper.framework; name = UIKit.framework; path = System/Library/Frameworks/UIKit.framework; sourceTree = SDKROOT; };
		26AAAF09159C473E003AEF83 /* Foundation.framework */ = {isa = PBXFileReference; lastKnownFileType = wrapper.framework; name = Foundation.framework; path = System/Library/Frameworks/Foundation.framework; sourceTree = SDKROOT; };
		26AAAF0B159C473E003AEF83 /* CoreGraphics.framework */ = {isa = PBXFileReference; lastKnownFileType = wrapper.framework; name = CoreGraphics.framework; path = System/Library/Frameworks/CoreGraphics.framework; sourceTree = SDKROOT; };
		26AAAF0F159C473F003AEF83 /* GTCCLibrary-Info.plist */ = {isa = PBXFileReference; lastKnownFileType = text.plist.xml; path = "GTCCLibrary-Info.plist"; sourceTree = "<group>"; };
		26AAAF11159C473F003AEF83 /* en */ = {isa = PBXFileReference; lastKnownFileType = text.plist.strings; name = en; path = en.lproj/InfoPlist.strings; sourceTree = "<group>"; };
		26AAAF13159C473F003AEF83 /* main.m */ = {isa = PBXFileReference; lastKnownFileType = sourcecode.c.objc; path = main.m; sourceTree = "<group>"; };
		26AAAF15159C473F003AEF83 /* GTCCLibrary-Prefix.pch */ = {isa = PBXFileReference; lastKnownFileType = sourcecode.c.h; path = "GTCCLibrary-Prefix.pch"; sourceTree = "<group>"; };
		26AAAF16159C473F003AEF83 /* GTCCLibraryAppDelegate.h */ = {isa = PBXFileReference; lastKnownFileType = sourcecode.c.h; path = GTCCLibraryAppDelegate.h; sourceTree = "<group>"; };
		26AAAF17159C473F003AEF83 /* GTCCLibraryAppDelegate.m */ = {isa = PBXFileReference; lastKnownFileType = sourcecode.c.objc; path = GTCCLibraryAppDelegate.m; sourceTree = "<group>"; };
		26AAAF1A159C473F003AEF83 /* en */ = {isa = PBXFileReference; lastKnownFileType = file.storyboard; name = en; path = en.lproj/MainStoryboard_iPhone.storyboard; sourceTree = "<group>"; };
		26AAAF1D159C473F003AEF83 /* en */ = {isa = PBXFileReference; lastKnownFileType = file.storyboard; name = en; path = en.lproj/MainStoryboard_iPad.storyboard; sourceTree = "<group>"; };
		26AAAF1F159C473F003AEF83 /* GTCCLibraryViewController.h */ = {isa = PBXFileReference; lastKnownFileType = sourcecode.c.h; path = GTCCLibraryViewController.h; sourceTree = "<group>"; };
		26AAAF20159C473F003AEF83 /* GTCCLibraryViewController.m */ = {isa = PBXFileReference; lastKnownFileType = sourcecode.c.objc; path = GTCCLibraryViewController.m; sourceTree = "<group>"; };
		26B5D96515AEB8B900B79EE4 /* BookDetailViewController.h */ = {isa = PBXFileReference; fileEncoding = 4; lastKnownFileType = sourcecode.c.h; name = BookDetailViewController.h; path = ../BookDetailViewController.h; sourceTree = "<group>"; };
		26B5D96615AEB8B900B79EE4 /* BookDetailViewController.m */ = {isa = PBXFileReference; fileEncoding = 4; lastKnownFileType = sourcecode.c.objc; name = BookDetailViewController.m; path = ../BookDetailViewController.m; sourceTree = "<group>"; };
		26EAA74815A470BE000057C3 /* search-page-glyph.png */ = {isa = PBXFileReference; lastKnownFileType = image.png; path = "search-page-glyph.png"; sourceTree = "<group>"; };
		26EAA74A15A47247000057C3 /* iconMedBooks.png */ = {isa = PBXFileReference; lastKnownFileType = image.png; path = iconMedBooks.png; sourceTree = "<group>"; };
		26EAA74C15A47469000057C3 /* library-icon.png */ = {isa = PBXFileReference; lastKnownFileType = image.png; path = "library-icon.png"; sourceTree = "<group>"; };
		26EAA74F15A48476000057C3 /* abc.png */ = {isa = PBXFileReference; lastKnownFileType = image.png; path = abc.png; sourceTree = "<group>"; };
/* End PBXFileReference section */

/* Begin PBXFrameworksBuildPhase section */
		26AAAF00159C473E003AEF83 /* Frameworks */ = {
			isa = PBXFrameworksBuildPhase;
			buildActionMask = 2147483647;
			files = (
				26AAAF08159C473E003AEF83 /* UIKit.framework in Frameworks */,
				26AAAF0A159C473E003AEF83 /* Foundation.framework in Frameworks */,
				26AAAF0C159C473E003AEF83 /* CoreGraphics.framework in Frameworks */,
			);
			runOnlyForDeploymentPostprocessing = 0;
		};
/* End PBXFrameworksBuildPhase section */

/* Begin PBXGroup section */
		26AAAEF8159C473E003AEF83 = {
			isa = PBXGroup;
			children = (
				26EAA74E15A47866000057C3 /* Image */,
				26AAAF0D159C473E003AEF83 /* GTCCLibrary */,
				26AAAF06159C473E003AEF83 /* Frameworks */,
				26AAAF04159C473E003AEF83 /* Products */,
			);
			sourceTree = "<group>";
		};
		26AAAF04159C473E003AEF83 /* Products */ = {
			isa = PBXGroup;
			children = (
				26AAAF03159C473E003AEF83 /* GTCCLibrary.app */,
			);
			name = Products;
			sourceTree = "<group>";
		};
		26AAAF06159C473E003AEF83 /* Frameworks */ = {
			isa = PBXGroup;
			children = (
				26AAAF07159C473E003AEF83 /* UIKit.framework */,
				26AAAF09159C473E003AEF83 /* Foundation.framework */,
				26AAAF0B159C473E003AEF83 /* CoreGraphics.framework */,
			);
			name = Frameworks;
			sourceTree = "<group>";
		};
		26AAAF0D159C473E003AEF83 /* GTCCLibrary */ = {
			isa = PBXGroup;
			children = (
				26B5D96515AEB8B900B79EE4 /* BookDetailViewController.h */,
				26B5D96615AEB8B900B79EE4 /* BookDetailViewController.m */,
				26AAAF16159C473F003AEF83 /* GTCCLibraryAppDelegate.h */,
				26AAAF17159C473F003AEF83 /* GTCCLibraryAppDelegate.m */,
				26AAAF19159C473F003AEF83 /* MainStoryboard_iPhone.storyboard */,
				26AAAF1C159C473F003AEF83 /* MainStoryboard_iPad.storyboard */,
				26AAAF1F159C473F003AEF83 /* GTCCLibraryViewController.h */,
				26AAAF20159C473F003AEF83 /* GTCCLibraryViewController.m */,
				269F7E9F15A488D200D96F94 /* HistoryTVC.h */,
				269F7EA015A488D200D96F94 /* HistoryTVC.m */,
				26AAAF0E159C473F003AEF83 /* Supporting Files */,
			);
			path = GTCCLibrary;
			sourceTree = "<group>";
		};
		26AAAF0E159C473F003AEF83 /* Supporting Files */ = {
			isa = PBXGroup;
			children = (
				26AAAF0F159C473F003AEF83 /* GTCCLibrary-Info.plist */,
				26AAAF10159C473F003AEF83 /* InfoPlist.strings */,
				26AAAF13159C473F003AEF83 /* main.m */,
				26AAAF15159C473F003AEF83 /* GTCCLibrary-Prefix.pch */,
			);
			name = "Supporting Files";
			sourceTree = "<group>";
		};
		26EAA74E15A47866000057C3 /* Image */ = {
			isa = PBXGroup;
			children = (
				26EAA74F15A48476000057C3 /* abc.png */,
				26EAA74815A470BE000057C3 /* search-page-glyph.png */,
				26EAA74A15A47247000057C3 /* iconMedBooks.png */,
				26EAA74C15A47469000057C3 /* library-icon.png */,
			);
			name = Image;
			sourceTree = "<group>";
		};
/* End PBXGroup section */

/* Begin PBXNativeTarget section */
		26AAAF02159C473E003AEF83 /* GTCCLibrary */ = {
			isa = PBXNativeTarget;
			buildConfigurationList = 26AAAF24159C473F003AEF83 /* Build configuration list for PBXNativeTarget "GTCCLibrary" */;
			buildPhases = (
				26AAAEFF159C473E003AEF83 /* Sources */,
				26AAAF00159C473E003AEF83 /* Frameworks */,
				26AAAF01159C473E003AEF83 /* Resources */,
			);
			buildRules = (
			);
			dependencies = (
			);
			name = GTCCLibrary;
			productName = GTCCLibrary;
			productReference = 26AAAF03159C473E003AEF83 /* GTCCLibrary.app */;
			productType = "com.apple.product-type.application";
		};
/* End PBXNativeTarget section */

/* Begin PBXProject section */
		26AAAEFA159C473E003AEF83 /* Project object */ = {
			isa = PBXProject;
			attributes = {
				LastUpgradeCheck = 0420;
			};
			buildConfigurationList = 26AAAEFD159C473E003AEF83 /* Build configuration list for PBXProject "GTCCLibrary" */;
			compatibilityVersion = "Xcode 3.2";
			developmentRegion = English;
			hasScannedForEncodings = 0;
			knownRegions = (
				en,
			);
			mainGroup = 26AAAEF8159C473E003AEF83;
			productRefGroup = 26AAAF04159C473E003AEF83 /* Products */;
			projectDirPath = "";
			projectRoot = "";
			targets = (
				26AAAF02159C473E003AEF83 /* GTCCLibrary */,
			);
		};
/* End PBXProject section */

/* Begin PBXResourcesBuildPhase section */
		26AAAF01159C473E003AEF83 /* Resources */ = {
			isa = PBXResourcesBuildPhase;
			buildActionMask = 2147483647;
			files = (
				26AAAF12159C473F003AEF83 /* InfoPlist.strings in Resources */,
				26AAAF1B159C473F003AEF83 /* MainStoryboard_iPhone.storyboard in Resources */,
				26AAAF1E159C473F003AEF83 /* MainStoryboard_iPad.storyboard in Resources */,
				26EAA74915A470BE000057C3 /* search-page-glyph.png in Resources */,
				26EAA74B15A47247000057C3 /* iconMedBooks.png in Resources */,
				26EAA74D15A47469000057C3 /* library-icon.png in Resources */,
				26EAA75015A48476000057C3 /* abc.png in Resources */,
			);
			runOnlyForDeploymentPostprocessing = 0;
		};
/* End PBXResourcesBuildPhase section */

/* Begin PBXSourcesBuildPhase section */
		26AAAEFF159C473E003AEF83 /* Sources */ = {
			isa = PBXSourcesBuildPhase;
			buildActionMask = 2147483647;
			files = (
				26AAAF14159C473F003AEF83 /* main.m in Sources */,
				26AAAF18159C473F003AEF83 /* GTCCLibraryAppDelegate.m in Sources */,
				26AAAF21159C473F003AEF83 /* GTCCLibraryViewController.m in Sources */,
				269F7EA115A488D200D96F94 /* HistoryTVC.m in Sources */,
				26B5D96715AEB8B900B79EE4 /* BookDetailViewController.m in Sources */,
			);
			runOnlyForDeploymentPostprocessing = 0;
		};
/* End PBXSourcesBuildPhase section */

/* Begin PBXVariantGroup section */
		26AAAF10159C473F003AEF83 /* InfoPlist.strings */ = {
			isa = PBXVariantGroup;
			children = (
				26AAAF11159C473F003AEF83 /* en */,
			);
			name = InfoPlist.strings;
			sourceTree = "<group>";
		};
		26AAAF19159C473F003AEF83 /* MainStoryboard_iPhone.storyboard */ = {
			isa = PBXVariantGroup;
			children = (
				26AAAF1A159C473F003AEF83 /* en */,
			);
			name = MainStoryboard_iPhone.storyboard;
			sourceTree = "<group>";
		};
		26AAAF1C159C473F003AEF83 /* MainStoryboard_iPad.storyboard */ = {
			isa = PBXVariantGroup;
			children = (
				26AAAF1D159C473F003AEF83 /* en */,
			);
			name = MainStoryboard_iPad.storyboard;
			sourceTree = "<group>";
		};
/* End PBXVariantGroup section */

/* Begin XCBuildConfiguration section */
		26AAAF22159C473F003AEF83 /* Debug */ = {
			isa = XCBuildConfiguration;
			buildSettings = {
				ALWAYS_SEARCH_USER_PATHS = NO;
				ARCHS = "$(ARCHS_STANDARD_32_BIT)";
				CLANG_ENABLE_OBJC_ARC = YES;
				"CODE_SIGN_IDENTITY[sdk=iphoneos*]" = "iPhone Developer";
				COPY_PHASE_STRIP = NO;
				GCC_C_LANGUAGE_STANDARD = gnu99;
				GCC_DYNAMIC_NO_PIC = NO;
				GCC_OPTIMIZATION_LEVEL = 0;
				GCC_PREPROCESSOR_DEFINITIONS = (
					"DEBUG=1",
					"$(inherited)",
				);
				GCC_SYMBOLS_PRIVATE_EXTERN = NO;
				GCC_VERSION = com.apple.compilers.llvm.clang.1_0;
				GCC_WARN_ABOUT_MISSING_PROTOTYPES = YES;
				GCC_WARN_ABOUT_RETURN_TYPE = YES;
				GCC_WARN_UNUSED_VARIABLE = YES;
				IPHONEOS_DEPLOYMENT_TARGET = 5.0;
				SDKROOT = iphoneos;
				TARGETED_DEVICE_FAMILY = "1,2";
			};
			name = Debug;
		};
		26AAAF23159C473F003AEF83 /* Release */ = {
			isa = XCBuildConfiguration;
			buildSettings = {
				ALWAYS_SEARCH_USER_PATHS = NO;
				ARCHS = "$(ARCHS_STANDARD_32_BIT)";
				CLANG_ENABLE_OBJC_ARC = YES;
				"CODE_SIGN_IDENTITY[sdk=iphoneos*]" = "iPhone Developer";
				COPY_PHASE_STRIP = YES;
				GCC_C_LANGUAGE_STANDARD = gnu99;
				GCC_VERSION = com.apple.compilers.llvm.clang.1_0;
				GCC_WARN_ABOUT_MISSING_PROTOTYPES = YES;
				GCC_WARN_ABOUT_RETURN_TYPE = YES;
				GCC_WARN_UNUSED_VARIABLE = YES;
				IPHONEOS_DEPLOYMENT_TARGET = 5.0;
				OTHER_CFLAGS = "-DNS_BLOCK_ASSERTIONS=1";
				SDKROOT = iphoneos;
				TARGETED_DEVICE_FAMILY = "1,2";
				VALIDATE_PRODUCT = YES;
			};
			name = Release;
		};
		26AAAF25159C473F003AEF83 /* Debug */ = {
			isa = XCBuildConfiguration;
			buildSettings = {
				GCC_PRECOMPILE_PREFIX_HEADER = YES;
				GCC_PREFIX_HEADER = "GTCCLibrary/GTCCLibrary-Prefix.pch";
				INFOPLIST_FILE = "GTCCLibrary/GTCCLibrary-Info.plist";
				PRODUCT_NAME = "$(TARGET_NAME)";
				WRAPPER_EXTENSION = app;
			};
			name = Debug;
		};
		26AAAF26159C473F003AEF83 /* Release */ = {
			isa = XCBuildConfiguration;
			buildSettings = {
				GCC_PRECOMPILE_PREFIX_HEADER = YES;
				GCC_PREFIX_HEADER = "GTCCLibrary/GTCCLibrary-Prefix.pch";
				INFOPLIST_FILE = "GTCCLibrary/GTCCLibrary-Info.plist";
				PRODUCT_NAME = "$(TARGET_NAME)";
				WRAPPER_EXTENSION = app;
			};
			name = Release;
		};
/* End XCBuildConfiguration section */

/* Begin XCConfigurationList section */
		26AAAEFD159C473E003AEF83 /* Build configuration list for PBXProject "GTCCLibrary" */ = {
			isa = XCConfigurationList;
			buildConfigurations = (
				26AAAF22159C473F003AEF83 /* Debug */,
				26AAAF23159C473F003AEF83 /* Release */,
			);
			defaultConfigurationIsVisible = 0;
			defaultConfigurationName = Release;
		};
		26AAAF24159C473F003AEF83 /* Build configuration list for PBXNativeTarget "GTCCLibrary" */ = {
			isa = XCConfigurationList;
			buildConfigurations = (
				26AAAF25159C473F003AEF83 /* Debug */,
				26AAAF26159C473F003AEF83 /* Release */,
			);
			defaultConfigurationIsVisible = 0;
			defaultConfigurationName = Release;
		};
/* End XCConfigurationList section */
	};
	rootObject = 26AAAEFA159C473E003AEF83 /* Project object */;
}
