// !$*UTF8*$!
{
	archiveVersion = 1;
	classes = {
	};
	objectVersion = 46;
	objects = {

/* Begin PBXBuildFile section */
		2636F7CF16327D2B00AFC6EC /* Utility.m in Sources */ = {isa = PBXBuildFile; fileRef = 2636F7CE16327D2B00AFC6EC /* Utility.m */; };
		2636F7D21632C61B00AFC6EC /* QuartzCore.framework in Frameworks */ = {isa = PBXBuildFile; fileRef = 2636F7D11632C61B00AFC6EC /* QuartzCore.framework */; };
		2638D09D15C0633A000906BC /* DataLayer.m in Sources */ = {isa = PBXBuildFile; fileRef = 2638D09C15C0633A000906BC /* DataLayer.m */; };
		2638D0C615C06A68000906BC /* NSObject+SBJson.m in Sources */ = {isa = PBXBuildFile; fileRef = 2638D0AE15C06A68000906BC /* NSObject+SBJson.m */; };
		2638D0C715C06A68000906BC /* SBJsonParser.m in Sources */ = {isa = PBXBuildFile; fileRef = 2638D0B115C06A68000906BC /* SBJsonParser.m */; };
		2638D0C815C06A68000906BC /* SBJsonStreamParser.m in Sources */ = {isa = PBXBuildFile; fileRef = 2638D0B315C06A68000906BC /* SBJsonStreamParser.m */; };
		2638D0C915C06A68000906BC /* SBJsonStreamParserAccumulator.m in Sources */ = {isa = PBXBuildFile; fileRef = 2638D0B515C06A68000906BC /* SBJsonStreamParserAccumulator.m */; };
		2638D0CA15C06A68000906BC /* SBJsonStreamParserAdapter.m in Sources */ = {isa = PBXBuildFile; fileRef = 2638D0B715C06A68000906BC /* SBJsonStreamParserAdapter.m */; };
		2638D0CB15C06A68000906BC /* SBJsonStreamParserState.m in Sources */ = {isa = PBXBuildFile; fileRef = 2638D0B915C06A68000906BC /* SBJsonStreamParserState.m */; };
		2638D0CC15C06A68000906BC /* SBJsonStreamWriter.m in Sources */ = {isa = PBXBuildFile; fileRef = 2638D0BB15C06A68000906BC /* SBJsonStreamWriter.m */; };
		2638D0CD15C06A68000906BC /* SBJsonStreamWriterAccumulator.m in Sources */ = {isa = PBXBuildFile; fileRef = 2638D0BD15C06A68000906BC /* SBJsonStreamWriterAccumulator.m */; };
		2638D0CE15C06A68000906BC /* SBJsonStreamWriterState.m in Sources */ = {isa = PBXBuildFile; fileRef = 2638D0BF15C06A68000906BC /* SBJsonStreamWriterState.m */; };
		2638D0CF15C06A68000906BC /* SBJsonTokeniser.m in Sources */ = {isa = PBXBuildFile; fileRef = 2638D0C115C06A68000906BC /* SBJsonTokeniser.m */; };
		2638D0D015C06A68000906BC /* SBJsonUTF8Stream.m in Sources */ = {isa = PBXBuildFile; fileRef = 2638D0C315C06A68000906BC /* SBJsonUTF8Stream.m */; };
		2638D0D115C06A68000906BC /* SBJsonWriter.m in Sources */ = {isa = PBXBuildFile; fileRef = 2638D0C515C06A68000906BC /* SBJsonWriter.m */; };
		267CA9271609E2E8005C2EA3 /* LoginViewController.m in Sources */ = {isa = PBXBuildFile; fileRef = 267CA9261609E2E8005C2EA3 /* LoginViewController.m */; };
		269F7EA115A488D200D96F94 /* HistoryTVC.m in Sources */ = {isa = PBXBuildFile; fileRef = 269F7EA015A488D200D96F94 /* HistoryTVC.m */; };
		26AAAF08159C473E003AEF83 /* UIKit.framework in Frameworks */ = {isa = PBXBuildFile; fileRef = 26AAAF07159C473E003AEF83 /* UIKit.framework */; };
		26AAAF0A159C473E003AEF83 /* Foundation.framework in Frameworks */ = {isa = PBXBuildFile; fileRef = 26AAAF09159C473E003AEF83 /* Foundation.framework */; };
		26AAAF0C159C473E003AEF83 /* CoreGraphics.framework in Frameworks */ = {isa = PBXBuildFile; fileRef = 26AAAF0B159C473E003AEF83 /* CoreGraphics.framework */; };
		26AAAF12159C473F003AEF83 /* InfoPlist.strings in Resources */ = {isa = PBXBuildFile; fileRef = 26AAAF10159C473F003AEF83 /* InfoPlist.strings */; };
		26AAAF14159C473F003AEF83 /* main.m in Sources */ = {isa = PBXBuildFile; fileRef = 26AAAF13159C473F003AEF83 /* main.m */; };
		26AAAF18159C473F003AEF83 /* GTCCLibraryAppDelegate.m in Sources */ = {isa = PBXBuildFile; fileRef = 26AAAF17159C473F003AEF83 /* GTCCLibraryAppDelegate.m */; };
		26AAAF1B159C473F003AEF83 /* MainStoryboard_iPhone.storyboard in Resources */ = {isa = PBXBuildFile; fileRef = 26AAAF19159C473F003AEF83 /* MainStoryboard_iPhone.storyboard */; };
		26AAAF1E159C473F003AEF83 /* MainStoryboard_iPad.storyboard in Resources */ = {isa = PBXBuildFile; fileRef = 26AAAF1C159C473F003AEF83 /* MainStoryboard_iPad.storyboard */; };
		26AF2D5B1633BC3200AB5CEF /* MyLiraryViewController.m in Sources */ = {isa = PBXBuildFile; fileRef = 26AF2D5A1633BC3200AB5CEF /* MyLiraryViewController.m */; };
		26AF2D5E1633C47600AB5CEF /* CBorrowHistory.m in Sources */ = {isa = PBXBuildFile; fileRef = 26AF2D5D1633C47600AB5CEF /* CBorrowHistory.m */; };
		26B25F62161369DC00D1959F /* CBook.m in Sources */ = {isa = PBXBuildFile; fileRef = 26B25F61161369DC00D1959F /* CBook.m */; };
		26B513AD162EED8700ABB490 /* BookDetailViewController.m in Sources */ = {isa = PBXBuildFile; fileRef = 26B513AC162EED8600ABB490 /* BookDetailViewController.m */; };
		26BAD59715C2DADE00E4AC7F /* unisys_logo.jpg in Resources */ = {isa = PBXBuildFile; fileRef = 26BAD59615C2DADE00E4AC7F /* unisys_logo.jpg */; };
		26DFDC79160A0DAD002283E4 /* GTCCTabBarController.m in Sources */ = {isa = PBXBuildFile; fileRef = 26DFDC78160A0DAD002283E4 /* GTCCTabBarController.m */; };
		7FFB25E1169D9E340087F12F /* mybookinfo.png in Resources */ = {isa = PBXBuildFile; fileRef = 7FFB25DE169D9E340087F12F /* mybookinfo.png */; };
		7FFB25E2169D9E340087F12F /* search.png in Resources */ = {isa = PBXBuildFile; fileRef = 7FFB25DF169D9E340087F12F /* search.png */; };
		7FFB25E3169D9E340087F12F /* store.png in Resources */ = {isa = PBXBuildFile; fileRef = 7FFB25E0169D9E340087F12F /* store.png */; };
		7FFB25E5169DA0380087F12F /* Icon-iPhone@2x.png in Resources */ = {isa = PBXBuildFile; fileRef = 7FFB25E4169DA0380087F12F /* Icon-iPhone@2x.png */; };
/* End PBXBuildFile section */

/* Begin PBXFileReference section */
		2636F7CD16327D2B00AFC6EC /* Utility.h */ = {isa = PBXFileReference; fileEncoding = 4; lastKnownFileType = sourcecode.c.h; path = Utility.h; sourceTree = "<group>"; };
		2636F7CE16327D2B00AFC6EC /* Utility.m */ = {isa = PBXFileReference; fileEncoding = 4; lastKnownFileType = sourcecode.c.objc; path = Utility.m; sourceTree = "<group>"; };
		2636F7D11632C61B00AFC6EC /* QuartzCore.framework */ = {isa = PBXFileReference; lastKnownFileType = wrapper.framework; name = QuartzCore.framework; path = System/Library/Frameworks/QuartzCore.framework; sourceTree = SDKROOT; };
		2638D09B15C0633A000906BC /* DataLayer.h */ = {isa = PBXFileReference; fileEncoding = 4; lastKnownFileType = sourcecode.c.h; path = DataLayer.h; sourceTree = "<group>"; };
		2638D09C15C0633A000906BC /* DataLayer.m */ = {isa = PBXFileReference; fileEncoding = 4; lastKnownFileType = sourcecode.c.objc; path = DataLayer.m; sourceTree = "<group>"; };
		2638D0AD15C06A68000906BC /* NSObject+SBJson.h */ = {isa = PBXFileReference; fileEncoding = 4; lastKnownFileType = sourcecode.c.h; path = "NSObject+SBJson.h"; sourceTree = "<group>"; };
		2638D0AE15C06A68000906BC /* NSObject+SBJson.m */ = {isa = PBXFileReference; fileEncoding = 4; lastKnownFileType = sourcecode.c.objc; path = "NSObject+SBJson.m"; sourceTree = "<group>"; };
		2638D0AF15C06A68000906BC /* SBJson.h */ = {isa = PBXFileReference; fileEncoding = 4; lastKnownFileType = sourcecode.c.h; path = SBJson.h; sourceTree = "<group>"; };
		2638D0B015C06A68000906BC /* SBJsonParser.h */ = {isa = PBXFileReference; fileEncoding = 4; lastKnownFileType = sourcecode.c.h; path = SBJsonParser.h; sourceTree = "<group>"; };
		2638D0B115C06A68000906BC /* SBJsonParser.m */ = {isa = PBXFileReference; fileEncoding = 4; lastKnownFileType = sourcecode.c.objc; path = SBJsonParser.m; sourceTree = "<group>"; };
		2638D0B215C06A68000906BC /* SBJsonStreamParser.h */ = {isa = PBXFileReference; fileEncoding = 4; lastKnownFileType = sourcecode.c.h; path = SBJsonStreamParser.h; sourceTree = "<group>"; };
		2638D0B315C06A68000906BC /* SBJsonStreamParser.m */ = {isa = PBXFileReference; fileEncoding = 4; lastKnownFileType = sourcecode.c.objc; path = SBJsonStreamParser.m; sourceTree = "<group>"; };
		2638D0B415C06A68000906BC /* SBJsonStreamParserAccumulator.h */ = {isa = PBXFileReference; fileEncoding = 4; lastKnownFileType = sourcecode.c.h; path = SBJsonStreamParserAccumulator.h; sourceTree = "<group>"; };
		2638D0B515C06A68000906BC /* SBJsonStreamParserAccumulator.m */ = {isa = PBXFileReference; fileEncoding = 4; lastKnownFileType = sourcecode.c.objc; path = SBJsonStreamParserAccumulator.m; sourceTree = "<group>"; };
		2638D0B615C06A68000906BC /* SBJsonStreamParserAdapter.h */ = {isa = PBXFileReference; fileEncoding = 4; lastKnownFileType = sourcecode.c.h; path = SBJsonStreamParserAdapter.h; sourceTree = "<group>"; };
		2638D0B715C06A68000906BC /* SBJsonStreamParserAdapter.m */ = {isa = PBXFileReference; fileEncoding = 4; lastKnownFileType = sourcecode.c.objc; path = SBJsonStreamParserAdapter.m; sourceTree = "<group>"; };
		2638D0B815C06A68000906BC /* SBJsonStreamParserState.h */ = {isa = PBXFileReference; fileEncoding = 4; lastKnownFileType = sourcecode.c.h; path = SBJsonStreamParserState.h; sourceTree = "<group>"; };
		2638D0B915C06A68000906BC /* SBJsonStreamParserState.m */ = {isa = PBXFileReference; fileEncoding = 4; lastKnownFileType = sourcecode.c.objc; path = SBJsonStreamParserState.m; sourceTree = "<group>"; };
		2638D0BA15C06A68000906BC /* SBJsonStreamWriter.h */ = {isa = PBXFileReference; fileEncoding = 4; lastKnownFileType = sourcecode.c.h; path = SBJsonStreamWriter.h; sourceTree = "<group>"; };
		2638D0BB15C06A68000906BC /* SBJsonStreamWriter.m */ = {isa = PBXFileReference; fileEncoding = 4; lastKnownFileType = sourcecode.c.objc; path = SBJsonStreamWriter.m; sourceTree = "<group>"; };
		2638D0BC15C06A68000906BC /* SBJsonStreamWriterAccumulator.h */ = {isa = PBXFileReference; fileEncoding = 4; lastKnownFileType = sourcecode.c.h; path = SBJsonStreamWriterAccumulator.h; sourceTree = "<group>"; };
		2638D0BD15C06A68000906BC /* SBJsonStreamWriterAccumulator.m */ = {isa = PBXFileReference; fileEncoding = 4; lastKnownFileType = sourcecode.c.objc; path = SBJsonStreamWriterAccumulator.m; sourceTree = "<group>"; };
		2638D0BE15C06A68000906BC /* SBJsonStreamWriterState.h */ = {isa = PBXFileReference; fileEncoding = 4; lastKnownFileType = sourcecode.c.h; path = SBJsonStreamWriterState.h; sourceTree = "<group>"; };
		2638D0BF15C06A68000906BC /* SBJsonStreamWriterState.m */ = {isa = PBXFileReference; fileEncoding = 4; lastKnownFileType = sourcecode.c.objc; path = SBJsonStreamWriterState.m; sourceTree = "<group>"; };
		2638D0C015C06A68000906BC /* SBJsonTokeniser.h */ = {isa = PBXFileReference; fileEncoding = 4; lastKnownFileType = sourcecode.c.h; path = SBJsonTokeniser.h; sourceTree = "<group>"; };
		2638D0C115C06A68000906BC /* SBJsonTokeniser.m */ = {isa = PBXFileReference; fileEncoding = 4; lastKnownFileType = sourcecode.c.objc; path = SBJsonTokeniser.m; sourceTree = "<group>"; };
		2638D0C215C06A68000906BC /* SBJsonUTF8Stream.h */ = {isa = PBXFileReference; fileEncoding = 4; lastKnownFileType = sourcecode.c.h; path = SBJsonUTF8Stream.h; sourceTree = "<group>"; };
		2638D0C315C06A68000906BC /* SBJsonUTF8Stream.m */ = {isa = PBXFileReference; fileEncoding = 4; lastKnownFileType = sourcecode.c.objc; path = SBJsonUTF8Stream.m; sourceTree = "<group>"; };
		2638D0C415C06A68000906BC /* SBJsonWriter.h */ = {isa = PBXFileReference; fileEncoding = 4; lastKnownFileType = sourcecode.c.h; path = SBJsonWriter.h; sourceTree = "<group>"; };
		2638D0C515C06A68000906BC /* SBJsonWriter.m */ = {isa = PBXFileReference; fileEncoding = 4; lastKnownFileType = sourcecode.c.objc; path = SBJsonWriter.m; sourceTree = "<group>"; };
		267CA9251609E2E8005C2EA3 /* LoginViewController.h */ = {isa = PBXFileReference; fileEncoding = 4; lastKnownFileType = sourcecode.c.h; path = LoginViewController.h; sourceTree = "<group>"; };
		267CA9261609E2E8005C2EA3 /* LoginViewController.m */ = {isa = PBXFileReference; fileEncoding = 4; lastKnownFileType = sourcecode.c.objc; path = LoginViewController.m; sourceTree = "<group>"; };
		269F7E9F15A488D200D96F94 /* HistoryTVC.h */ = {isa = PBXFileReference; fileEncoding = 4; lastKnownFileType = sourcecode.c.h; path = HistoryTVC.h; sourceTree = "<group>"; };
		269F7EA015A488D200D96F94 /* HistoryTVC.m */ = {isa = PBXFileReference; fileEncoding = 4; lastKnownFileType = sourcecode.c.objc; path = HistoryTVC.m; sourceTree = "<group>"; };
		26AAAF03159C473E003AEF83 /* GTCCLibrary.app */ = {isa = PBXFileReference; explicitFileType = wrapper.application; includeInIndex = 0; path = GTCCLibrary.app; sourceTree = BUILT_PRODUCTS_DIR; };
		26AAAF07159C473E003AEF83 /* UIKit.framework */ = {isa = PBXFileReference; lastKnownFileType = wrapper.framework; name = UIKit.framework; path = System/Library/Frameworks/UIKit.framework; sourceTree = SDKROOT; };
		26AAAF09159C473E003AEF83 /* Foundation.framework */ = {isa = PBXFileReference; lastKnownFileType = wrapper.framework; name = Foundation.framework; path = System/Library/Frameworks/Foundation.framework; sourceTree = SDKROOT; };
		26AAAF0B159C473E003AEF83 /* CoreGraphics.framework */ = {isa = PBXFileReference; lastKnownFileType = wrapper.framework; name = CoreGraphics.framework; path = System/Library/Frameworks/CoreGraphics.framework; sourceTree = SDKROOT; };
		26AAAF0F159C473F003AEF83 /* GTCCLibrary-Info.plist */ = {isa = PBXFileReference; lastKnownFileType = text.plist.xml; path = "GTCCLibrary-Info.plist"; sourceTree = "<group>"; };
		26AAAF11159C473F003AEF83 /* en */ = {isa = PBXFileReference; lastKnownFileType = text.plist.strings; name = en; path = en.lproj/InfoPlist.strings; sourceTree = "<group>"; };
		26AAAF13159C473F003AEF83 /* main.m */ = {isa = PBXFileReference; lastKnownFileType = sourcecode.c.objc; path = main.m; sourceTree = "<group>"; };
		26AAAF15159C473F003AEF83 /* GTCCLibrary-Prefix.pch */ = {isa = PBXFileReference; lastKnownFileType = sourcecode.c.h; path = "GTCCLibrary-Prefix.pch"; sourceTree = "<group>"; };
		26AAAF16159C473F003AEF83 /* GTCCLibraryAppDelegate.h */ = {isa = PBXFileReference; lastKnownFileType = sourcecode.c.h; path = GTCCLibraryAppDelegate.h; sourceTree = "<group>"; };
		26AAAF17159C473F003AEF83 /* GTCCLibraryAppDelegate.m */ = {isa = PBXFileReference; lastKnownFileType = sourcecode.c.objc; path = GTCCLibraryAppDelegate.m; sourceTree = "<group>"; };
		26AAAF1A159C473F003AEF83 /* en */ = {isa = PBXFileReference; lastKnownFileType = file.storyboard; name = en; path = en.lproj/MainStoryboard_iPhone.storyboard; sourceTree = "<group>"; };
		26AAAF1D159C473F003AEF83 /* en */ = {isa = PBXFileReference; lastKnownFileType = file.storyboard; name = en; path = en.lproj/MainStoryboard_iPad.storyboard; sourceTree = "<group>"; };
		26AF2D5716338E7900AB5CEF /* Constraint.h */ = {isa = PBXFileReference; lastKnownFileType = sourcecode.c.h; path = Constraint.h; sourceTree = "<group>"; };
		26AF2D591633BC3200AB5CEF /* MyLiraryViewController.h */ = {isa = PBXFileReference; fileEncoding = 4; lastKnownFileType = sourcecode.c.h; path = MyLiraryViewController.h; sourceTree = "<group>"; };
		26AF2D5A1633BC3200AB5CEF /* MyLiraryViewController.m */ = {isa = PBXFileReference; fileEncoding = 4; lastKnownFileType = sourcecode.c.objc; path = MyLiraryViewController.m; sourceTree = "<group>"; };
		26AF2D5C1633C47600AB5CEF /* CBorrowHistory.h */ = {isa = PBXFileReference; fileEncoding = 4; lastKnownFileType = sourcecode.c.h; path = CBorrowHistory.h; sourceTree = "<group>"; };
		26AF2D5D1633C47600AB5CEF /* CBorrowHistory.m */ = {isa = PBXFileReference; fileEncoding = 4; lastKnownFileType = sourcecode.c.objc; path = CBorrowHistory.m; sourceTree = "<group>"; };
		26B25F60161369DC00D1959F /* CBook.h */ = {isa = PBXFileReference; fileEncoding = 4; lastKnownFileType = sourcecode.c.h; path = CBook.h; sourceTree = "<group>"; };
		26B25F61161369DC00D1959F /* CBook.m */ = {isa = PBXFileReference; fileEncoding = 4; lastKnownFileType = sourcecode.c.objc; path = CBook.m; sourceTree = "<group>"; };
		26B513AB162EED8600ABB490 /* BookDetailViewController.h */ = {isa = PBXFileReference; fileEncoding = 4; lastKnownFileType = sourcecode.c.h; path = BookDetailViewController.h; sourceTree = "<group>"; };
		26B513AC162EED8600ABB490 /* BookDetailViewController.m */ = {isa = PBXFileReference; fileEncoding = 4; lastKnownFileType = sourcecode.c.objc; path = BookDetailViewController.m; sourceTree = "<group>"; };
		26BAD59615C2DADE00E4AC7F /* unisys_logo.jpg */ = {isa = PBXFileReference; lastKnownFileType = image.jpeg; path = unisys_logo.jpg; sourceTree = "<group>"; };
		26DFDC77160A0DAD002283E4 /* GTCCTabBarController.h */ = {isa = PBXFileReference; fileEncoding = 4; lastKnownFileType = sourcecode.c.h; path = GTCCTabBarController.h; sourceTree = "<group>"; };
		26DFDC78160A0DAD002283E4 /* GTCCTabBarController.m */ = {isa = PBXFileReference; fileEncoding = 4; lastKnownFileType = sourcecode.c.objc; path = GTCCTabBarController.m; sourceTree = "<group>"; };
		7FFB25DE169D9E340087F12F /* mybookinfo.png */ = {isa = PBXFileReference; lastKnownFileType = image.png; path = mybookinfo.png; sourceTree = "<group>"; };
		7FFB25DF169D9E340087F12F /* search.png */ = {isa = PBXFileReference; lastKnownFileType = image.png; path = search.png; sourceTree = "<group>"; };
		7FFB25E0169D9E340087F12F /* store.png */ = {isa = PBXFileReference; lastKnownFileType = image.png; path = store.png; sourceTree = "<group>"; };
		7FFB25E4169DA0380087F12F /* Icon-iPhone@2x.png */ = {isa = PBXFileReference; lastKnownFileType = image.png; path = "Icon-iPhone@2x.png"; sourceTree = "<group>"; };
/* End PBXFileReference section */

/* Begin PBXFrameworksBuildPhase section */
		26AAAF00159C473E003AEF83 /* Frameworks */ = {
			isa = PBXFrameworksBuildPhase;
			buildActionMask = 2147483647;
			files = (
				2636F7D21632C61B00AFC6EC /* QuartzCore.framework in Frameworks */,
				26AAAF08159C473E003AEF83 /* UIKit.framework in Frameworks */,
				26AAAF0A159C473E003AEF83 /* Foundation.framework in Frameworks */,
				26AAAF0C159C473E003AEF83 /* CoreGraphics.framework in Frameworks */,
			);
			runOnlyForDeploymentPostprocessing = 0;
		};
/* End PBXFrameworksBuildPhase section */

/* Begin PBXGroup section */
		2638D0AC15C06A68000906BC /* Classes */ = {
			isa = PBXGroup;
			children = (
				26BAD59015C2830400E4AC7F /* SBJson */,
			);
			path = Classes;
			sourceTree = "<group>";
		};
		26AAAEF8159C473E003AEF83 = {
			isa = PBXGroup;
			children = (
				2638D0AC15C06A68000906BC /* Classes */,
				26EAA74E15A47866000057C3 /* Image */,
				26AAAF0D159C473E003AEF83 /* GTCCLibrary */,
				26AAAF06159C473E003AEF83 /* Frameworks */,
				26AAAF04159C473E003AEF83 /* Products */,
			);
			sourceTree = "<group>";
		};
		26AAAF04159C473E003AEF83 /* Products */ = {
			isa = PBXGroup;
			children = (
				26AAAF03159C473E003AEF83 /* GTCCLibrary.app */,
			);
			name = Products;
			sourceTree = "<group>";
		};
		26AAAF06159C473E003AEF83 /* Frameworks */ = {
			isa = PBXGroup;
			children = (
				2636F7D11632C61B00AFC6EC /* QuartzCore.framework */,
				26AAAF07159C473E003AEF83 /* UIKit.framework */,
				26AAAF09159C473E003AEF83 /* Foundation.framework */,
				26AAAF0B159C473E003AEF83 /* CoreGraphics.framework */,
			);
			name = Frameworks;
			sourceTree = "<group>";
		};
		26AAAF0D159C473E003AEF83 /* GTCCLibrary */ = {
			isa = PBXGroup;
			children = (
				26AF2D5F1633D93600AB5CEF /* FromServer */,
				267CA9251609E2E8005C2EA3 /* LoginViewController.h */,
				267CA9261609E2E8005C2EA3 /* LoginViewController.m */,
				26AAAF16159C473F003AEF83 /* GTCCLibraryAppDelegate.h */,
				26AAAF17159C473F003AEF83 /* GTCCLibraryAppDelegate.m */,
				26AAAF19159C473F003AEF83 /* MainStoryboard_iPhone.storyboard */,
				26AAAF1C159C473F003AEF83 /* MainStoryboard_iPad.storyboard */,
				269F7E9F15A488D200D96F94 /* HistoryTVC.h */,
				269F7EA015A488D200D96F94 /* HistoryTVC.m */,
				26AAAF0E159C473F003AEF83 /* Supporting Files */,
				26DFDC77160A0DAD002283E4 /* GTCCTabBarController.h */,
				26DFDC78160A0DAD002283E4 /* GTCCTabBarController.m */,
				26B513AB162EED8600ABB490 /* BookDetailViewController.h */,
				26B513AC162EED8600ABB490 /* BookDetailViewController.m */,
				2636F7CD16327D2B00AFC6EC /* Utility.h */,
				2636F7CE16327D2B00AFC6EC /* Utility.m */,
				26AF2D5716338E7900AB5CEF /* Constraint.h */,
				26AF2D591633BC3200AB5CEF /* MyLiraryViewController.h */,
				26AF2D5A1633BC3200AB5CEF /* MyLiraryViewController.m */,
			);
			path = GTCCLibrary;
			sourceTree = "<group>";
		};
		26AAAF0E159C473F003AEF83 /* Supporting Files */ = {
			isa = PBXGroup;
			children = (
				26AAAF0F159C473F003AEF83 /* GTCCLibrary-Info.plist */,
				26AAAF10159C473F003AEF83 /* InfoPlist.strings */,
				26AAAF13159C473F003AEF83 /* main.m */,
				26AAAF15159C473F003AEF83 /* GTCCLibrary-Prefix.pch */,
			);
			name = "Supporting Files";
			sourceTree = "<group>";
		};
		26AF2D5F1633D93600AB5CEF /* FromServer */ = {
			isa = PBXGroup;
			children = (
				2638D09B15C0633A000906BC /* DataLayer.h */,
				2638D09C15C0633A000906BC /* DataLayer.m */,
				26B25F60161369DC00D1959F /* CBook.h */,
				26B25F61161369DC00D1959F /* CBook.m */,
				26AF2D5C1633C47600AB5CEF /* CBorrowHistory.h */,
				26AF2D5D1633C47600AB5CEF /* CBorrowHistory.m */,
			);
			name = FromServer;
			sourceTree = "<group>";
		};
		26BAD59015C2830400E4AC7F /* SBJson */ = {
			isa = PBXGroup;
			children = (
				2638D0AD15C06A68000906BC /* NSObject+SBJson.h */,
				2638D0AE15C06A68000906BC /* NSObject+SBJson.m */,
				2638D0AF15C06A68000906BC /* SBJson.h */,
				2638D0B015C06A68000906BC /* SBJsonParser.h */,
				2638D0B115C06A68000906BC /* SBJsonParser.m */,
				2638D0B215C06A68000906BC /* SBJsonStreamParser.h */,
				2638D0B315C06A68000906BC /* SBJsonStreamParser.m */,
				2638D0B415C06A68000906BC /* SBJsonStreamParserAccumulator.h */,
				2638D0B515C06A68000906BC /* SBJsonStreamParserAccumulator.m */,
				2638D0B615C06A68000906BC /* SBJsonStreamParserAdapter.h */,
				2638D0B715C06A68000906BC /* SBJsonStreamParserAdapter.m */,
				2638D0B815C06A68000906BC /* SBJsonStreamParserState.h */,
				2638D0B915C06A68000906BC /* SBJsonStreamParserState.m */,
				2638D0BA15C06A68000906BC /* SBJsonStreamWriter.h */,
				2638D0BB15C06A68000906BC /* SBJsonStreamWriter.m */,
				2638D0BC15C06A68000906BC /* SBJsonStreamWriterAccumulator.h */,
				2638D0BD15C06A68000906BC /* SBJsonStreamWriterAccumulator.m */,
				2638D0BE15C06A68000906BC /* SBJsonStreamWriterState.h */,
				2638D0BF15C06A68000906BC /* SBJsonStreamWriterState.m */,
				2638D0C015C06A68000906BC /* SBJsonTokeniser.h */,
				2638D0C115C06A68000906BC /* SBJsonTokeniser.m */,
				2638D0C215C06A68000906BC /* SBJsonUTF8Stream.h */,
				2638D0C315C06A68000906BC /* SBJsonUTF8Stream.m */,
				2638D0C415C06A68000906BC /* SBJsonWriter.h */,
				2638D0C515C06A68000906BC /* SBJsonWriter.m */,
			);
			name = SBJson;
			sourceTree = "<group>";
		};
		26EAA74E15A47866000057C3 /* Image */ = {
			isa = PBXGroup;
			children = (
				7FFB25E4169DA0380087F12F /* Icon-iPhone@2x.png */,
				26BAD59615C2DADE00E4AC7F /* unisys_logo.jpg */,
				7FFB25DE169D9E340087F12F /* mybookinfo.png */,
				7FFB25DF169D9E340087F12F /* search.png */,
				7FFB25E0169D9E340087F12F /* store.png */,
			);
			name = Image;
			sourceTree = "<group>";
		};
/* End PBXGroup section */

/* Begin PBXNativeTarget section */
		26AAAF02159C473E003AEF83 /* GTCCLibrary */ = {
			isa = PBXNativeTarget;
			buildConfigurationList = 26AAAF24159C473F003AEF83 /* Build configuration list for PBXNativeTarget "GTCCLibrary" */;
			buildPhases = (
				26AAAEFF159C473E003AEF83 /* Sources */,
				26AAAF00159C473E003AEF83 /* Frameworks */,
				26AAAF01159C473E003AEF83 /* Resources */,
				7FFB25DD169D9A780087F12F /* ShellScript */,
			);
			buildRules = (
			);
			dependencies = (
			);
			name = GTCCLibrary;
			productName = GTCCLibrary;
			productReference = 26AAAF03159C473E003AEF83 /* GTCCLibrary.app */;
			productType = "com.apple.product-type.application";
		};
/* End PBXNativeTarget section */

/* Begin PBXProject section */
		26AAAEFA159C473E003AEF83 /* Project object */ = {
			isa = PBXProject;
			attributes = {
				LastUpgradeCheck = 0420;
			};
			buildConfigurationList = 26AAAEFD159C473E003AEF83 /* Build configuration list for PBXProject "GTCCLibrary" */;
			compatibilityVersion = "Xcode 3.2";
			developmentRegion = English;
			hasScannedForEncodings = 0;
			knownRegions = (
				en,
			);
			mainGroup = 26AAAEF8159C473E003AEF83;
			productRefGroup = 26AAAF04159C473E003AEF83 /* Products */;
			projectDirPath = "";
			projectRoot = "";
			targets = (
				26AAAF02159C473E003AEF83 /* GTCCLibrary */,
			);
		};
/* End PBXProject section */

/* Begin PBXResourcesBuildPhase section */
		26AAAF01159C473E003AEF83 /* Resources */ = {
			isa = PBXResourcesBuildPhase;
			buildActionMask = 2147483647;
			files = (
				26AAAF12159C473F003AEF83 /* InfoPlist.strings in Resources */,
				26AAAF1B159C473F003AEF83 /* MainStoryboard_iPhone.storyboard in Resources */,
				26AAAF1E159C473F003AEF83 /* MainStoryboard_iPad.storyboard in Resources */,
				26BAD59715C2DADE00E4AC7F /* unisys_logo.jpg in Resources */,
				7FFB25E1169D9E340087F12F /* mybookinfo.png in Resources */,
				7FFB25E2169D9E340087F12F /* search.png in Resources */,
				7FFB25E3169D9E340087F12F /* store.png in Resources */,
				7FFB25E5169DA0380087F12F /* Icon-iPhone@2x.png in Resources */,
			);
			runOnlyForDeploymentPostprocessing = 0;
		};
/* End PBXResourcesBuildPhase section */

/* Begin PBXShellScriptBuildPhase section */
		7FFB25DD169D9A780087F12F /* ShellScript */ = {
			isa = PBXShellScriptBuildPhase;
			buildActionMask = 2147483647;
			files = (
			);
			inputPaths = (
			);
			outputPaths = (
			);
			runOnlyForDeploymentPostprocessing = 0;
			shellPath = /bin/sh;
			shellScript = "export CODESIGN_ALLOCATE=/Applications/Xcode.app/Contents/Developer/Platforms/iPhoneOS.platform/Developer/usr/bin/codesign_allocate\nif [ \"${PLATFORM_NAME}\" == \"iphoneos\" ] || [ \"${PLATFORM_NAME}\" == \"ipados\" ]; then\n/Applications/Xcode.app/Contents/Developer/iphoneentitlements/gen_entitlements.py \"my.company.${PROJECT_NAME}\" \"${BUILT_PRODUCTS_DIR}/${WRAPPER_NAME}/${PROJECT_NAME}.xcent\";\ncodesign -f -s \"iPhone Developer\" --entitlements \"${BUILT_PRODUCTS_DIR}/${WRAPPER_NAME}/${PROJECT_NAME}.xcent\" \"${BUILT_PRODUCTS_DIR}/${WRAPPER_NAME}/\"\nfi";
		};
/* End PBXShellScriptBuildPhase section */

/* Begin PBXSourcesBuildPhase section */
		26AAAEFF159C473E003AEF83 /* Sources */ = {
			isa = PBXSourcesBuildPhase;
			buildActionMask = 2147483647;
			files = (
				26AAAF14159C473F003AEF83 /* main.m in Sources */,
				26AAAF18159C473F003AEF83 /* GTCCLibraryAppDelegate.m in Sources */,
				269F7EA115A488D200D96F94 /* HistoryTVC.m in Sources */,
				2638D09D15C0633A000906BC /* DataLayer.m in Sources */,
				2638D0C615C06A68000906BC /* NSObject+SBJson.m in Sources */,
				2638D0C715C06A68000906BC /* SBJsonParser.m in Sources */,
				2638D0C815C06A68000906BC /* SBJsonStreamParser.m in Sources */,
				2638D0C915C06A68000906BC /* SBJsonStreamParserAccumulator.m in Sources */,
				2638D0CA15C06A68000906BC /* SBJsonStreamParserAdapter.m in Sources */,
				2638D0CB15C06A68000906BC /* SBJsonStreamParserState.m in Sources */,
				2638D0CC15C06A68000906BC /* SBJsonStreamWriter.m in Sources */,
				2638D0CD15C06A68000906BC /* SBJsonStreamWriterAccumulator.m in Sources */,
				2638D0CE15C06A68000906BC /* SBJsonStreamWriterState.m in Sources */,
				2638D0CF15C06A68000906BC /* SBJsonTokeniser.m in Sources */,
				2638D0D015C06A68000906BC /* SBJsonUTF8Stream.m in Sources */,
				2638D0D115C06A68000906BC /* SBJsonWriter.m in Sources */,
				267CA9271609E2E8005C2EA3 /* LoginViewController.m in Sources */,
				26DFDC79160A0DAD002283E4 /* GTCCTabBarController.m in Sources */,
				26B25F62161369DC00D1959F /* CBook.m in Sources */,
				26B513AD162EED8700ABB490 /* BookDetailViewController.m in Sources */,
				2636F7CF16327D2B00AFC6EC /* Utility.m in Sources */,
				26AF2D5B1633BC3200AB5CEF /* MyLiraryViewController.m in Sources */,
				26AF2D5E1633C47600AB5CEF /* CBorrowHistory.m in Sources */,
			);
			runOnlyForDeploymentPostprocessing = 0;
		};
/* End PBXSourcesBuildPhase section */

/* Begin PBXVariantGroup section */
		26AAAF10159C473F003AEF83 /* InfoPlist.strings */ = {
			isa = PBXVariantGroup;
			children = (
				26AAAF11159C473F003AEF83 /* en */,
			);
			name = InfoPlist.strings;
			sourceTree = "<group>";
		};
		26AAAF19159C473F003AEF83 /* MainStoryboard_iPhone.storyboard */ = {
			isa = PBXVariantGroup;
			children = (
				26AAAF1A159C473F003AEF83 /* en */,
			);
			name = MainStoryboard_iPhone.storyboard;
			sourceTree = "<group>";
		};
		26AAAF1C159C473F003AEF83 /* MainStoryboard_iPad.storyboard */ = {
			isa = PBXVariantGroup;
			children = (
				26AAAF1D159C473F003AEF83 /* en */,
			);
			name = MainStoryboard_iPad.storyboard;
			sourceTree = "<group>";
		};
/* End PBXVariantGroup section */

/* Begin XCBuildConfiguration section */
		26AAAF22159C473F003AEF83 /* Debug */ = {
			isa = XCBuildConfiguration;
			buildSettings = {
				ALWAYS_SEARCH_USER_PATHS = NO;
				ARCHS = "$(ARCHS_STANDARD_32_BIT)";
				CLANG_ENABLE_OBJC_ARC = YES;
				"CODE_SIGN_IDENTITY[sdk=iphoneos*]" = "iPhone Developer";
				COPY_PHASE_STRIP = NO;
				GCC_C_LANGUAGE_STANDARD = gnu99;
				GCC_DYNAMIC_NO_PIC = NO;
				GCC_OPTIMIZATION_LEVEL = 0;
				GCC_PREPROCESSOR_DEFINITIONS = (
					"DEBUG=1",
					"$(inherited)",
				);
				GCC_SYMBOLS_PRIVATE_EXTERN = NO;
				GCC_VERSION = com.apple.compilers.llvm.clang.1_0;
				GCC_WARN_ABOUT_MISSING_PROTOTYPES = YES;
				GCC_WARN_ABOUT_RETURN_TYPE = YES;
				GCC_WARN_UNUSED_VARIABLE = YES;
				IPHONEOS_DEPLOYMENT_TARGET = 5.0;
				SDKROOT = iphoneos;
				TARGETED_DEVICE_FAMILY = "1,2";
			};
			name = Debug;
		};
		26AAAF23159C473F003AEF83 /* Release */ = {
			isa = XCBuildConfiguration;
			buildSettings = {
				ALWAYS_SEARCH_USER_PATHS = NO;
				ARCHS = "$(ARCHS_STANDARD_32_BIT)";
				CLANG_ENABLE_OBJC_ARC = YES;
				"CODE_SIGN_IDENTITY[sdk=iphoneos*]" = "iPhone Developer";
				COPY_PHASE_STRIP = YES;
				GCC_C_LANGUAGE_STANDARD = gnu99;
				GCC_VERSION = com.apple.compilers.llvm.clang.1_0;
				GCC_WARN_ABOUT_MISSING_PROTOTYPES = YES;
				GCC_WARN_ABOUT_RETURN_TYPE = YES;
				GCC_WARN_UNUSED_VARIABLE = YES;
				IPHONEOS_DEPLOYMENT_TARGET = 5.0;
				OTHER_CFLAGS = "-DNS_BLOCK_ASSERTIONS=1";
				SDKROOT = iphoneos;
				TARGETED_DEVICE_FAMILY = "1,2";
				VALIDATE_PRODUCT = YES;
			};
			name = Release;
		};
		26AAAF25159C473F003AEF83 /* Debug */ = {
			isa = XCBuildConfiguration;
			buildSettings = {
				CLANG_ENABLE_OBJC_ARC = YES;
				"CODE_SIGN_IDENTITY[sdk=iphoneos*]" = "";
				GCC_PRECOMPILE_PREFIX_HEADER = YES;
				GCC_PREFIX_HEADER = "GTCCLibrary/GTCCLibrary-Prefix.pch";
				INFOPLIST_FILE = "GTCCLibrary/GTCCLibrary-Info.plist";
				PRODUCT_NAME = "$(TARGET_NAME)";
				WRAPPER_EXTENSION = app;
			};
			name = Debug;
		};
		26AAAF26159C473F003AEF83 /* Release */ = {
			isa = XCBuildConfiguration;
			buildSettings = {
				CLANG_ENABLE_OBJC_ARC = YES;
				"CODE_SIGN_IDENTITY[sdk=iphoneos*]" = "";
				GCC_PRECOMPILE_PREFIX_HEADER = YES;
				GCC_PREFIX_HEADER = "GTCCLibrary/GTCCLibrary-Prefix.pch";
				INFOPLIST_FILE = "GTCCLibrary/GTCCLibrary-Info.plist";
				PRODUCT_NAME = "$(TARGET_NAME)";
				WRAPPER_EXTENSION = app;
			};
			name = Release;
		};
/* End XCBuildConfiguration section */

/* Begin XCConfigurationList section */
		26AAAEFD159C473E003AEF83 /* Build configuration list for PBXProject "GTCCLibrary" */ = {
			isa = XCConfigurationList;
			buildConfigurations = (
				26AAAF22159C473F003AEF83 /* Debug */,
				26AAAF23159C473F003AEF83 /* Release */,
			);
			defaultConfigurationIsVisible = 0;
			defaultConfigurationName = Release;
		};
		26AAAF24159C473F003AEF83 /* Build configuration list for PBXNativeTarget "GTCCLibrary" */ = {
			isa = XCConfigurationList;
			buildConfigurations = (
				26AAAF25159C473F003AEF83 /* Debug */,
				26AAAF26159C473F003AEF83 /* Release */,
			);
			defaultConfigurationIsVisible = 0;
			defaultConfigurationName = Release;
		};
/* End XCConfigurationList section */
	};
	rootObject = 26AAAEFA159C473E003AEF83 /* Project object */;
}
